
Microsoft Visual Studio Solution File, Format Version 12.00
# Visual Studio 14
VisualStudioVersion = 14.0.25420.1
MinimumVisualStudioVersion = 10.0.40219.1
Project("{2150E333-8FDC-42A3-9474-1A3956D46DE8}") = "Mobile", "Mobile", "{1B0FC1AC-566A-4117-850A-A83FB9769C79}"
EndProject
Project("{2150E333-8FDC-42A3-9474-1A3956D46DE8}") = "Server", "Server", "{BF638522-59B7-4045-A852-D959F60B14C0}"
EndProject
Project("{2150E333-8FDC-42A3-9474-1A3956D46DE8}") = "Web", "Web", "{F1D380C2-61DF-4FFC-8400-BE483B0A6C59}"
EndProject
Project("{FAE04EC0-301F-11D3-BF4B-00C04F79EFBC}") = "LipChat.Server", "LipChat.Server\LipChat.Server.csproj", "{705789CC-4093-4ABA-B736-2C57BAC7DC1E}"
EndProject
Project("{2150E333-8FDC-42A3-9474-1A3956D46DE8}") = "Desktop", "Desktop", "{267E50C5-3531-4BFD-9038-8CF39A8556E4}"
EndProject
Project("{2150E333-8FDC-42A3-9474-1A3956D46DE8}") = "Shared", "Shared", "{C61DEADB-C28D-4342-85FA-F2466EC578DC}"
EndProject
Project("{FAE04EC0-301F-11D3-BF4B-00C04F79EFBC}") = "LipChat.Library", "LipChat.Library\LipChat.Library.csproj", "{6CFEE2E4-C096-4452-A742-1993EA848237}"
EndProject
Project("{FAE04EC0-301F-11D3-BF4B-00C04F79EFBC}") = "LipChat.Universal", "LipChat.Universal\LipChat.Universal.csproj", "{0673E4DC-564B-4CBF-B62B-88F37B34CC16}"
EndProject
Project("{FAE04EC0-301F-11D3-BF4B-00C04F79EFBC}") = "LipChat.Mobile", "LipChat.Mobile\LipChat.Mobile\LipChat.Mobile.csproj", "{13849970-8099-46EA-A9B2-3551274AC931}"
EndProject
Project("{FAE04EC0-301F-11D3-BF4B-00C04F79EFBC}") = "LipChat.Mobile.Droid", "LipChat.Mobile\LipChat.Mobile.Droid\LipChat.Mobile.Droid.csproj", "{FA668CAA-23E2-45C8-97B4-88B723A74C85}"
EndProject
Project("{FAE04EC0-301F-11D3-BF4B-00C04F79EFBC}") = "LipChat.Mobile.iOS", "LipChat.Mobile\LipChat.Mobile.iOS\LipChat.Mobile.iOS.csproj", "{0B1ED651-E8EC-4EA6-8E83-1813BC6EAA7D}"
EndProject
Project("{FAE04EC0-301F-11D3-BF4B-00C04F79EFBC}") = "LipChat.Mobile.WinPhone", "LipChat.Mobile\LipChat.Mobile.WinPhone\LipChat.Mobile.WinPhone.csproj", "{D8CF83D1-3CB6-43A5-B3A1-42593B58D7A4}"
EndProject
Project("{FAE04EC0-301F-11D3-BF4B-00C04F79EFBC}") = "LipChat.Mobile.UWP", "LipChat.Mobile\LipChat.Mobile.UWP\LipChat.Mobile.UWP.csproj", "{38B77328-E546-4EC8-9997-8448C637AE8D}"
EndProject
Project("{FAE04EC0-301F-11D3-BF4B-00C04F79EFBC}") = "LipChat.Mobile.Windows", "LipChat.Mobile\LipChat.Mobile.Windows\LipChat.Mobile.Windows.csproj", "{864C7B16-A188-496E-ACEF-7DB97A7FBAE6}"
EndProject
Global
	GlobalSection(SolutionConfigurationPlatforms) = preSolution
		Ad-Hoc|Any CPU = Ad-Hoc|Any CPU
		Ad-Hoc|ARM = Ad-Hoc|ARM
		Ad-Hoc|iPhone = Ad-Hoc|iPhone
		Ad-Hoc|iPhoneSimulator = Ad-Hoc|iPhoneSimulator
		Ad-Hoc|x64 = Ad-Hoc|x64
		Ad-Hoc|x86 = Ad-Hoc|x86
		AppStore|Any CPU = AppStore|Any CPU
		AppStore|ARM = AppStore|ARM
		AppStore|iPhone = AppStore|iPhone
		AppStore|iPhoneSimulator = AppStore|iPhoneSimulator
		AppStore|x64 = AppStore|x64
		AppStore|x86 = AppStore|x86
		Debug|Any CPU = Debug|Any CPU
		Debug|ARM = Debug|ARM
		Debug|iPhone = Debug|iPhone
		Debug|iPhoneSimulator = Debug|iPhoneSimulator
		Debug|x64 = Debug|x64
		Debug|x86 = Debug|x86
		Release|Any CPU = Release|Any CPU
		Release|ARM = Release|ARM
		Release|iPhone = Release|iPhone
		Release|iPhoneSimulator = Release|iPhoneSimulator
		Release|x64 = Release|x64
		Release|x86 = Release|x86
	EndGlobalSection
	GlobalSection(ProjectConfigurationPlatforms) = postSolution
		{705789CC-4093-4ABA-B736-2C57BAC7DC1E}.Ad-Hoc|Any CPU.ActiveCfg = Release|Any CPU
		{705789CC-4093-4ABA-B736-2C57BAC7DC1E}.Ad-Hoc|Any CPU.Build.0 = Release|Any CPU
		{705789CC-4093-4ABA-B736-2C57BAC7DC1E}.Ad-Hoc|ARM.ActiveCfg = Release|Any CPU
		{705789CC-4093-4ABA-B736-2C57BAC7DC1E}.Ad-Hoc|ARM.Build.0 = Release|Any CPU
		{705789CC-4093-4ABA-B736-2C57BAC7DC1E}.Ad-Hoc|iPhone.ActiveCfg = Release|Any CPU
		{705789CC-4093-4ABA-B736-2C57BAC7DC1E}.Ad-Hoc|iPhone.Build.0 = Release|Any CPU
		{705789CC-4093-4ABA-B736-2C57BAC7DC1E}.Ad-Hoc|iPhoneSimulator.ActiveCfg = Release|Any CPU
		{705789CC-4093-4ABA-B736-2C57BAC7DC1E}.Ad-Hoc|iPhoneSimulator.Build.0 = Release|Any CPU
		{705789CC-4093-4ABA-B736-2C57BAC7DC1E}.Ad-Hoc|x64.ActiveCfg = Release|Any CPU
		{705789CC-4093-4ABA-B736-2C57BAC7DC1E}.Ad-Hoc|x64.Build.0 = Release|Any CPU
		{705789CC-4093-4ABA-B736-2C57BAC7DC1E}.Ad-Hoc|x86.ActiveCfg = Release|Any CPU
		{705789CC-4093-4ABA-B736-2C57BAC7DC1E}.Ad-Hoc|x86.Build.0 = Release|Any CPU
		{705789CC-4093-4ABA-B736-2C57BAC7DC1E}.AppStore|Any CPU.ActiveCfg = Release|Any CPU
		{705789CC-4093-4ABA-B736-2C57BAC7DC1E}.AppStore|Any CPU.Build.0 = Release|Any CPU
		{705789CC-4093-4ABA-B736-2C57BAC7DC1E}.AppStore|ARM.ActiveCfg = Release|Any CPU
		{705789CC-4093-4ABA-B736-2C57BAC7DC1E}.AppStore|ARM.Build.0 = Release|Any CPU
		{705789CC-4093-4ABA-B736-2C57BAC7DC1E}.AppStore|iPhone.ActiveCfg = Release|Any CPU
		{705789CC-4093-4ABA-B736-2C57BAC7DC1E}.AppStore|iPhone.Build.0 = Release|Any CPU
		{705789CC-4093-4ABA-B736-2C57BAC7DC1E}.AppStore|iPhoneSimulator.ActiveCfg = Release|Any CPU
		{705789CC-4093-4ABA-B736-2C57BAC7DC1E}.AppStore|iPhoneSimulator.Build.0 = Release|Any CPU
		{705789CC-4093-4ABA-B736-2C57BAC7DC1E}.AppStore|x64.ActiveCfg = Release|Any CPU
		{705789CC-4093-4ABA-B736-2C57BAC7DC1E}.AppStore|x64.Build.0 = Release|Any CPU
		{705789CC-4093-4ABA-B736-2C57BAC7DC1E}.AppStore|x86.ActiveCfg = Release|Any CPU
		{705789CC-4093-4ABA-B736-2C57BAC7DC1E}.AppStore|x86.Build.0 = Release|Any CPU
		{705789CC-4093-4ABA-B736-2C57BAC7DC1E}.Debug|Any CPU.ActiveCfg = Debug|Any CPU
		{705789CC-4093-4ABA-B736-2C57BAC7DC1E}.Debug|Any CPU.Build.0 = Debug|Any CPU
		{705789CC-4093-4ABA-B736-2C57BAC7DC1E}.Debug|ARM.ActiveCfg = Debug|Any CPU
		{705789CC-4093-4ABA-B736-2C57BAC7DC1E}.Debug|ARM.Build.0 = Debug|Any CPU
		{705789CC-4093-4ABA-B736-2C57BAC7DC1E}.Debug|iPhone.ActiveCfg = Debug|Any CPU
		{705789CC-4093-4ABA-B736-2C57BAC7DC1E}.Debug|iPhone.Build.0 = Debug|Any CPU
		{705789CC-4093-4ABA-B736-2C57BAC7DC1E}.Debug|iPhoneSimulator.ActiveCfg = Debug|Any CPU
		{705789CC-4093-4ABA-B736-2C57BAC7DC1E}.Debug|iPhoneSimulator.Build.0 = Debug|Any CPU
		{705789CC-4093-4ABA-B736-2C57BAC7DC1E}.Debug|x64.ActiveCfg = Debug|Any CPU
		{705789CC-4093-4ABA-B736-2C57BAC7DC1E}.Debug|x64.Build.0 = Debug|Any CPU
		{705789CC-4093-4ABA-B736-2C57BAC7DC1E}.Debug|x86.ActiveCfg = Debug|Any CPU
		{705789CC-4093-4ABA-B736-2C57BAC7DC1E}.Debug|x86.Build.0 = Debug|Any CPU
		{705789CC-4093-4ABA-B736-2C57BAC7DC1E}.Release|Any CPU.ActiveCfg = Release|Any CPU
		{705789CC-4093-4ABA-B736-2C57BAC7DC1E}.Release|Any CPU.Build.0 = Release|Any CPU
		{705789CC-4093-4ABA-B736-2C57BAC7DC1E}.Release|ARM.ActiveCfg = Release|Any CPU
		{705789CC-4093-4ABA-B736-2C57BAC7DC1E}.Release|ARM.Build.0 = Release|Any CPU
		{705789CC-4093-4ABA-B736-2C57BAC7DC1E}.Release|iPhone.ActiveCfg = Release|Any CPU
		{705789CC-4093-4ABA-B736-2C57BAC7DC1E}.Release|iPhone.Build.0 = Release|Any CPU
		{705789CC-4093-4ABA-B736-2C57BAC7DC1E}.Release|iPhoneSimulator.ActiveCfg = Release|Any CPU
		{705789CC-4093-4ABA-B736-2C57BAC7DC1E}.Release|iPhoneSimulator.Build.0 = Release|Any CPU
		{705789CC-4093-4ABA-B736-2C57BAC7DC1E}.Release|x64.ActiveCfg = Release|Any CPU
		{705789CC-4093-4ABA-B736-2C57BAC7DC1E}.Release|x64.Build.0 = Release|Any CPU
		{705789CC-4093-4ABA-B736-2C57BAC7DC1E}.Release|x86.ActiveCfg = Release|Any CPU
		{705789CC-4093-4ABA-B736-2C57BAC7DC1E}.Release|x86.Build.0 = Release|Any CPU
		{6CFEE2E4-C096-4452-A742-1993EA848237}.Ad-Hoc|Any CPU.ActiveCfg = Release|Any CPU
		{6CFEE2E4-C096-4452-A742-1993EA848237}.Ad-Hoc|Any CPU.Build.0 = Release|Any CPU
		{6CFEE2E4-C096-4452-A742-1993EA848237}.Ad-Hoc|ARM.ActiveCfg = Release|Any CPU
		{6CFEE2E4-C096-4452-A742-1993EA848237}.Ad-Hoc|ARM.Build.0 = Release|Any CPU
		{6CFEE2E4-C096-4452-A742-1993EA848237}.Ad-Hoc|iPhone.ActiveCfg = Release|Any CPU
		{6CFEE2E4-C096-4452-A742-1993EA848237}.Ad-Hoc|iPhone.Build.0 = Release|Any CPU
		{6CFEE2E4-C096-4452-A742-1993EA848237}.Ad-Hoc|iPhoneSimulator.ActiveCfg = Release|Any CPU
		{6CFEE2E4-C096-4452-A742-1993EA848237}.Ad-Hoc|iPhoneSimulator.Build.0 = Release|Any CPU
		{6CFEE2E4-C096-4452-A742-1993EA848237}.Ad-Hoc|x64.ActiveCfg = Release|Any CPU
		{6CFEE2E4-C096-4452-A742-1993EA848237}.Ad-Hoc|x64.Build.0 = Release|Any CPU
		{6CFEE2E4-C096-4452-A742-1993EA848237}.Ad-Hoc|x86.ActiveCfg = Release|Any CPU
		{6CFEE2E4-C096-4452-A742-1993EA848237}.Ad-Hoc|x86.Build.0 = Release|Any CPU
		{6CFEE2E4-C096-4452-A742-1993EA848237}.AppStore|Any CPU.ActiveCfg = Release|Any CPU
		{6CFEE2E4-C096-4452-A742-1993EA848237}.AppStore|Any CPU.Build.0 = Release|Any CPU
		{6CFEE2E4-C096-4452-A742-1993EA848237}.AppStore|ARM.ActiveCfg = Release|Any CPU
		{6CFEE2E4-C096-4452-A742-1993EA848237}.AppStore|ARM.Build.0 = Release|Any CPU
		{6CFEE2E4-C096-4452-A742-1993EA848237}.AppStore|iPhone.ActiveCfg = Release|Any CPU
		{6CFEE2E4-C096-4452-A742-1993EA848237}.AppStore|iPhone.Build.0 = Release|Any CPU
		{6CFEE2E4-C096-4452-A742-1993EA848237}.AppStore|iPhoneSimulator.ActiveCfg = Release|Any CPU
		{6CFEE2E4-C096-4452-A742-1993EA848237}.AppStore|iPhoneSimulator.Build.0 = Release|Any CPU
		{6CFEE2E4-C096-4452-A742-1993EA848237}.AppStore|x64.ActiveCfg = Release|Any CPU
		{6CFEE2E4-C096-4452-A742-1993EA848237}.AppStore|x64.Build.0 = Release|Any CPU
		{6CFEE2E4-C096-4452-A742-1993EA848237}.AppStore|x86.ActiveCfg = Release|Any CPU
		{6CFEE2E4-C096-4452-A742-1993EA848237}.AppStore|x86.Build.0 = Release|Any CPU
		{6CFEE2E4-C096-4452-A742-1993EA848237}.Debug|Any CPU.ActiveCfg = Debug|Any CPU
		{6CFEE2E4-C096-4452-A742-1993EA848237}.Debug|Any CPU.Build.0 = Debug|Any CPU
		{6CFEE2E4-C096-4452-A742-1993EA848237}.Debug|ARM.ActiveCfg = Debug|Any CPU
		{6CFEE2E4-C096-4452-A742-1993EA848237}.Debug|ARM.Build.0 = Debug|Any CPU
		{6CFEE2E4-C096-4452-A742-1993EA848237}.Debug|iPhone.ActiveCfg = Debug|Any CPU
		{6CFEE2E4-C096-4452-A742-1993EA848237}.Debug|iPhone.Build.0 = Debug|Any CPU
		{6CFEE2E4-C096-4452-A742-1993EA848237}.Debug|iPhoneSimulator.ActiveCfg = Debug|Any CPU
		{6CFEE2E4-C096-4452-A742-1993EA848237}.Debug|iPhoneSimulator.Build.0 = Debug|Any CPU
		{6CFEE2E4-C096-4452-A742-1993EA848237}.Debug|x64.ActiveCfg = Debug|Any CPU
		{6CFEE2E4-C096-4452-A742-1993EA848237}.Debug|x64.Build.0 = Debug|Any CPU
		{6CFEE2E4-C096-4452-A742-1993EA848237}.Debug|x86.ActiveCfg = Debug|Any CPU
		{6CFEE2E4-C096-4452-A742-1993EA848237}.Debug|x86.Build.0 = Debug|Any CPU
		{6CFEE2E4-C096-4452-A742-1993EA848237}.Release|Any CPU.ActiveCfg = Release|Any CPU
		{6CFEE2E4-C096-4452-A742-1993EA848237}.Release|Any CPU.Build.0 = Release|Any CPU
		{6CFEE2E4-C096-4452-A742-1993EA848237}.Release|ARM.ActiveCfg = Release|Any CPU
		{6CFEE2E4-C096-4452-A742-1993EA848237}.Release|ARM.Build.0 = Release|Any CPU
		{6CFEE2E4-C096-4452-A742-1993EA848237}.Release|iPhone.ActiveCfg = Release|Any CPU
		{6CFEE2E4-C096-4452-A742-1993EA848237}.Release|iPhone.Build.0 = Release|Any CPU
		{6CFEE2E4-C096-4452-A742-1993EA848237}.Release|iPhoneSimulator.ActiveCfg = Release|Any CPU
		{6CFEE2E4-C096-4452-A742-1993EA848237}.Release|iPhoneSimulator.Build.0 = Release|Any CPU
		{6CFEE2E4-C096-4452-A742-1993EA848237}.Release|x64.ActiveCfg = Release|Any CPU
		{6CFEE2E4-C096-4452-A742-1993EA848237}.Release|x64.Build.0 = Release|Any CPU
		{6CFEE2E4-C096-4452-A742-1993EA848237}.Release|x86.ActiveCfg = Release|Any CPU
		{6CFEE2E4-C096-4452-A742-1993EA848237}.Release|x86.Build.0 = Release|Any CPU
		{0673E4DC-564B-4CBF-B62B-88F37B34CC16}.Ad-Hoc|Any CPU.ActiveCfg = Release|x64
		{0673E4DC-564B-4CBF-B62B-88F37B34CC16}.Ad-Hoc|Any CPU.Build.0 = Release|x64
		{0673E4DC-564B-4CBF-B62B-88F37B34CC16}.Ad-Hoc|Any CPU.Deploy.0 = Release|x64
		{0673E4DC-564B-4CBF-B62B-88F37B34CC16}.Ad-Hoc|ARM.ActiveCfg = Release|ARM
		{0673E4DC-564B-4CBF-B62B-88F37B34CC16}.Ad-Hoc|ARM.Build.0 = Release|ARM
		{0673E4DC-564B-4CBF-B62B-88F37B34CC16}.Ad-Hoc|ARM.Deploy.0 = Release|ARM
		{0673E4DC-564B-4CBF-B62B-88F37B34CC16}.Ad-Hoc|iPhone.ActiveCfg = Release|x64
		{0673E4DC-564B-4CBF-B62B-88F37B34CC16}.Ad-Hoc|iPhone.Build.0 = Release|x64
		{0673E4DC-564B-4CBF-B62B-88F37B34CC16}.Ad-Hoc|iPhone.Deploy.0 = Release|x64
		{0673E4DC-564B-4CBF-B62B-88F37B34CC16}.Ad-Hoc|iPhoneSimulator.ActiveCfg = Release|x64
		{0673E4DC-564B-4CBF-B62B-88F37B34CC16}.Ad-Hoc|iPhoneSimulator.Build.0 = Release|x64
		{0673E4DC-564B-4CBF-B62B-88F37B34CC16}.Ad-Hoc|iPhoneSimulator.Deploy.0 = Release|x64
		{0673E4DC-564B-4CBF-B62B-88F37B34CC16}.Ad-Hoc|x64.ActiveCfg = Release|x64
		{0673E4DC-564B-4CBF-B62B-88F37B34CC16}.Ad-Hoc|x64.Build.0 = Release|x64
		{0673E4DC-564B-4CBF-B62B-88F37B34CC16}.Ad-Hoc|x64.Deploy.0 = Release|x64
		{0673E4DC-564B-4CBF-B62B-88F37B34CC16}.Ad-Hoc|x86.ActiveCfg = Release|x86
		{0673E4DC-564B-4CBF-B62B-88F37B34CC16}.Ad-Hoc|x86.Build.0 = Release|x86
		{0673E4DC-564B-4CBF-B62B-88F37B34CC16}.Ad-Hoc|x86.Deploy.0 = Release|x86
		{0673E4DC-564B-4CBF-B62B-88F37B34CC16}.AppStore|Any CPU.ActiveCfg = Release|x64
		{0673E4DC-564B-4CBF-B62B-88F37B34CC16}.AppStore|Any CPU.Build.0 = Release|x64
		{0673E4DC-564B-4CBF-B62B-88F37B34CC16}.AppStore|Any CPU.Deploy.0 = Release|x64
		{0673E4DC-564B-4CBF-B62B-88F37B34CC16}.AppStore|ARM.ActiveCfg = Release|ARM
		{0673E4DC-564B-4CBF-B62B-88F37B34CC16}.AppStore|ARM.Build.0 = Release|ARM
		{0673E4DC-564B-4CBF-B62B-88F37B34CC16}.AppStore|ARM.Deploy.0 = Release|ARM
		{0673E4DC-564B-4CBF-B62B-88F37B34CC16}.AppStore|iPhone.ActiveCfg = Release|x64
		{0673E4DC-564B-4CBF-B62B-88F37B34CC16}.AppStore|iPhone.Build.0 = Release|x64
		{0673E4DC-564B-4CBF-B62B-88F37B34CC16}.AppStore|iPhone.Deploy.0 = Release|x64
		{0673E4DC-564B-4CBF-B62B-88F37B34CC16}.AppStore|iPhoneSimulator.ActiveCfg = Release|x64
		{0673E4DC-564B-4CBF-B62B-88F37B34CC16}.AppStore|iPhoneSimulator.Build.0 = Release|x64
		{0673E4DC-564B-4CBF-B62B-88F37B34CC16}.AppStore|iPhoneSimulator.Deploy.0 = Release|x64
		{0673E4DC-564B-4CBF-B62B-88F37B34CC16}.AppStore|x64.ActiveCfg = Release|x64
		{0673E4DC-564B-4CBF-B62B-88F37B34CC16}.AppStore|x64.Build.0 = Release|x64
		{0673E4DC-564B-4CBF-B62B-88F37B34CC16}.AppStore|x64.Deploy.0 = Release|x64
		{0673E4DC-564B-4CBF-B62B-88F37B34CC16}.AppStore|x86.ActiveCfg = Release|x86
		{0673E4DC-564B-4CBF-B62B-88F37B34CC16}.AppStore|x86.Build.0 = Release|x86
		{0673E4DC-564B-4CBF-B62B-88F37B34CC16}.AppStore|x86.Deploy.0 = Release|x86
		{0673E4DC-564B-4CBF-B62B-88F37B34CC16}.Debug|Any CPU.ActiveCfg = Debug|x86
		{0673E4DC-564B-4CBF-B62B-88F37B34CC16}.Debug|Any CPU.Build.0 = Debug|x86
		{0673E4DC-564B-4CBF-B62B-88F37B34CC16}.Debug|Any CPU.Deploy.0 = Debug|x86
		{0673E4DC-564B-4CBF-B62B-88F37B34CC16}.Debug|ARM.ActiveCfg = Debug|ARM
		{0673E4DC-564B-4CBF-B62B-88F37B34CC16}.Debug|ARM.Build.0 = Debug|ARM
		{0673E4DC-564B-4CBF-B62B-88F37B34CC16}.Debug|ARM.Deploy.0 = Debug|ARM
		{0673E4DC-564B-4CBF-B62B-88F37B34CC16}.Debug|iPhone.ActiveCfg = Debug|x86
		{0673E4DC-564B-4CBF-B62B-88F37B34CC16}.Debug|iPhoneSimulator.ActiveCfg = Debug|x86
		{0673E4DC-564B-4CBF-B62B-88F37B34CC16}.Debug|x64.ActiveCfg = Debug|x64
		{0673E4DC-564B-4CBF-B62B-88F37B34CC16}.Debug|x64.Build.0 = Debug|x64
		{0673E4DC-564B-4CBF-B62B-88F37B34CC16}.Debug|x64.Deploy.0 = Debug|x64
		{0673E4DC-564B-4CBF-B62B-88F37B34CC16}.Debug|x86.ActiveCfg = Debug|x86
		{0673E4DC-564B-4CBF-B62B-88F37B34CC16}.Debug|x86.Build.0 = Debug|x86
		{0673E4DC-564B-4CBF-B62B-88F37B34CC16}.Debug|x86.Deploy.0 = Debug|x86
		{0673E4DC-564B-4CBF-B62B-88F37B34CC16}.Release|Any CPU.ActiveCfg = Release|x86
		{0673E4DC-564B-4CBF-B62B-88F37B34CC16}.Release|ARM.ActiveCfg = Release|ARM
		{0673E4DC-564B-4CBF-B62B-88F37B34CC16}.Release|ARM.Build.0 = Release|ARM
		{0673E4DC-564B-4CBF-B62B-88F37B34CC16}.Release|ARM.Deploy.0 = Release|ARM
		{0673E4DC-564B-4CBF-B62B-88F37B34CC16}.Release|iPhone.ActiveCfg = Release|x86
		{0673E4DC-564B-4CBF-B62B-88F37B34CC16}.Release|iPhoneSimulator.ActiveCfg = Release|x86
		{0673E4DC-564B-4CBF-B62B-88F37B34CC16}.Release|x64.ActiveCfg = Release|x64
		{0673E4DC-564B-4CBF-B62B-88F37B34CC16}.Release|x64.Build.0 = Release|x64
		{0673E4DC-564B-4CBF-B62B-88F37B34CC16}.Release|x64.Deploy.0 = Release|x64
		{0673E4DC-564B-4CBF-B62B-88F37B34CC16}.Release|x86.ActiveCfg = Release|x86
		{0673E4DC-564B-4CBF-B62B-88F37B34CC16}.Release|x86.Build.0 = Release|x86
		{0673E4DC-564B-4CBF-B62B-88F37B34CC16}.Release|x86.Deploy.0 = Release|x86
		{13849970-8099-46EA-A9B2-3551274AC931}.Ad-Hoc|Any CPU.ActiveCfg = Release|Any CPU
		{13849970-8099-46EA-A9B2-3551274AC931}.Ad-Hoc|Any CPU.Build.0 = Release|Any CPU
		{13849970-8099-46EA-A9B2-3551274AC931}.Ad-Hoc|ARM.ActiveCfg = Release|Any CPU
		{13849970-8099-46EA-A9B2-3551274AC931}.Ad-Hoc|ARM.Build.0 = Release|Any CPU
		{13849970-8099-46EA-A9B2-3551274AC931}.Ad-Hoc|iPhone.ActiveCfg = Release|Any CPU
		{13849970-8099-46EA-A9B2-3551274AC931}.Ad-Hoc|iPhone.Build.0 = Release|Any CPU
		{13849970-8099-46EA-A9B2-3551274AC931}.Ad-Hoc|iPhoneSimulator.ActiveCfg = Release|Any CPU
		{13849970-8099-46EA-A9B2-3551274AC931}.Ad-Hoc|iPhoneSimulator.Build.0 = Release|Any CPU
		{13849970-8099-46EA-A9B2-3551274AC931}.Ad-Hoc|x64.ActiveCfg = Release|Any CPU
		{13849970-8099-46EA-A9B2-3551274AC931}.Ad-Hoc|x64.Build.0 = Release|Any CPU
		{13849970-8099-46EA-A9B2-3551274AC931}.Ad-Hoc|x86.ActiveCfg = Release|Any CPU
		{13849970-8099-46EA-A9B2-3551274AC931}.Ad-Hoc|x86.Build.0 = Release|Any CPU
		{13849970-8099-46EA-A9B2-3551274AC931}.AppStore|Any CPU.ActiveCfg = Release|Any CPU
		{13849970-8099-46EA-A9B2-3551274AC931}.AppStore|Any CPU.Build.0 = Release|Any CPU
		{13849970-8099-46EA-A9B2-3551274AC931}.AppStore|ARM.ActiveCfg = Release|Any CPU
		{13849970-8099-46EA-A9B2-3551274AC931}.AppStore|ARM.Build.0 = Release|Any CPU
		{13849970-8099-46EA-A9B2-3551274AC931}.AppStore|iPhone.ActiveCfg = Release|Any CPU
		{13849970-8099-46EA-A9B2-3551274AC931}.AppStore|iPhone.Build.0 = Release|Any CPU
		{13849970-8099-46EA-A9B2-3551274AC931}.AppStore|iPhoneSimulator.ActiveCfg = Release|Any CPU
		{13849970-8099-46EA-A9B2-3551274AC931}.AppStore|iPhoneSimulator.Build.0 = Release|Any CPU
		{13849970-8099-46EA-A9B2-3551274AC931}.AppStore|x64.ActiveCfg = Release|Any CPU
		{13849970-8099-46EA-A9B2-3551274AC931}.AppStore|x64.Build.0 = Release|Any CPU
		{13849970-8099-46EA-A9B2-3551274AC931}.AppStore|x86.ActiveCfg = Release|Any CPU
		{13849970-8099-46EA-A9B2-3551274AC931}.AppStore|x86.Build.0 = Release|Any CPU
		{13849970-8099-46EA-A9B2-3551274AC931}.Debug|Any CPU.ActiveCfg = Debug|Any CPU
		{13849970-8099-46EA-A9B2-3551274AC931}.Debug|Any CPU.Build.0 = Debug|Any CPU
		{13849970-8099-46EA-A9B2-3551274AC931}.Debug|ARM.ActiveCfg = Debug|Any CPU
		{13849970-8099-46EA-A9B2-3551274AC931}.Debug|ARM.Build.0 = Debug|Any CPU
		{13849970-8099-46EA-A9B2-3551274AC931}.Debug|iPhone.ActiveCfg = Debug|Any CPU
		{13849970-8099-46EA-A9B2-3551274AC931}.Debug|iPhone.Build.0 = Debug|Any CPU
		{13849970-8099-46EA-A9B2-3551274AC931}.Debug|iPhoneSimulator.ActiveCfg = Debug|Any CPU
		{13849970-8099-46EA-A9B2-3551274AC931}.Debug|iPhoneSimulator.Build.0 = Debug|Any CPU
		{13849970-8099-46EA-A9B2-3551274AC931}.Debug|x64.ActiveCfg = Debug|Any CPU
		{13849970-8099-46EA-A9B2-3551274AC931}.Debug|x64.Build.0 = Debug|Any CPU
		{13849970-8099-46EA-A9B2-3551274AC931}.Debug|x86.ActiveCfg = Debug|Any CPU
		{13849970-8099-46EA-A9B2-3551274AC931}.Debug|x86.Build.0 = Debug|Any CPU
		{13849970-8099-46EA-A9B2-3551274AC931}.Release|Any CPU.ActiveCfg = Release|Any CPU
		{13849970-8099-46EA-A9B2-3551274AC931}.Release|Any CPU.Build.0 = Release|Any CPU
		{13849970-8099-46EA-A9B2-3551274AC931}.Release|ARM.ActiveCfg = Release|Any CPU
		{13849970-8099-46EA-A9B2-3551274AC931}.Release|ARM.Build.0 = Release|Any CPU
		{13849970-8099-46EA-A9B2-3551274AC931}.Release|iPhone.ActiveCfg = Release|Any CPU
		{13849970-8099-46EA-A9B2-3551274AC931}.Release|iPhone.Build.0 = Release|Any CPU
		{13849970-8099-46EA-A9B2-3551274AC931}.Release|iPhoneSimulator.ActiveCfg = Release|Any CPU
		{13849970-8099-46EA-A9B2-3551274AC931}.Release|iPhoneSimulator.Build.0 = Release|Any CPU
		{13849970-8099-46EA-A9B2-3551274AC931}.Release|x64.ActiveCfg = Release|Any CPU
		{13849970-8099-46EA-A9B2-3551274AC931}.Release|x64.Build.0 = Release|Any CPU
		{13849970-8099-46EA-A9B2-3551274AC931}.Release|x86.ActiveCfg = Release|Any CPU
		{13849970-8099-46EA-A9B2-3551274AC931}.Release|x86.Build.0 = Release|Any CPU
		{FA668CAA-23E2-45C8-97B4-88B723A74C85}.Ad-Hoc|Any CPU.ActiveCfg = Release|Any CPU
		{FA668CAA-23E2-45C8-97B4-88B723A74C85}.Ad-Hoc|Any CPU.Build.0 = Release|Any CPU
		{FA668CAA-23E2-45C8-97B4-88B723A74C85}.Ad-Hoc|Any CPU.Deploy.0 = Release|Any CPU
		{FA668CAA-23E2-45C8-97B4-88B723A74C85}.Ad-Hoc|ARM.ActiveCfg = Release|Any CPU
		{FA668CAA-23E2-45C8-97B4-88B723A74C85}.Ad-Hoc|ARM.Build.0 = Release|Any CPU
		{FA668CAA-23E2-45C8-97B4-88B723A74C85}.Ad-Hoc|ARM.Deploy.0 = Release|Any CPU
		{FA668CAA-23E2-45C8-97B4-88B723A74C85}.Ad-Hoc|iPhone.ActiveCfg = Release|Any CPU
		{FA668CAA-23E2-45C8-97B4-88B723A74C85}.Ad-Hoc|iPhone.Build.0 = Release|Any CPU
		{FA668CAA-23E2-45C8-97B4-88B723A74C85}.Ad-Hoc|iPhone.Deploy.0 = Release|Any CPU
		{FA668CAA-23E2-45C8-97B4-88B723A74C85}.Ad-Hoc|iPhoneSimulator.ActiveCfg = Release|Any CPU
		{FA668CAA-23E2-45C8-97B4-88B723A74C85}.Ad-Hoc|iPhoneSimulator.Build.0 = Release|Any CPU
		{FA668CAA-23E2-45C8-97B4-88B723A74C85}.Ad-Hoc|iPhoneSimulator.Deploy.0 = Release|Any CPU
		{FA668CAA-23E2-45C8-97B4-88B723A74C85}.Ad-Hoc|x64.ActiveCfg = Release|Any CPU
		{FA668CAA-23E2-45C8-97B4-88B723A74C85}.Ad-Hoc|x64.Build.0 = Release|Any CPU
		{FA668CAA-23E2-45C8-97B4-88B723A74C85}.Ad-Hoc|x64.Deploy.0 = Release|Any CPU
		{FA668CAA-23E2-45C8-97B4-88B723A74C85}.Ad-Hoc|x86.ActiveCfg = Release|Any CPU
		{FA668CAA-23E2-45C8-97B4-88B723A74C85}.Ad-Hoc|x86.Build.0 = Release|Any CPU
		{FA668CAA-23E2-45C8-97B4-88B723A74C85}.Ad-Hoc|x86.Deploy.0 = Release|Any CPU
		{FA668CAA-23E2-45C8-97B4-88B723A74C85}.AppStore|Any CPU.ActiveCfg = Release|Any CPU
		{FA668CAA-23E2-45C8-97B4-88B723A74C85}.AppStore|Any CPU.Build.0 = Release|Any CPU
		{FA668CAA-23E2-45C8-97B4-88B723A74C85}.AppStore|Any CPU.Deploy.0 = Release|Any CPU
		{FA668CAA-23E2-45C8-97B4-88B723A74C85}.AppStore|ARM.ActiveCfg = Release|Any CPU
		{FA668CAA-23E2-45C8-97B4-88B723A74C85}.AppStore|ARM.Build.0 = Release|Any CPU
		{FA668CAA-23E2-45C8-97B4-88B723A74C85}.AppStore|ARM.Deploy.0 = Release|Any CPU
		{FA668CAA-23E2-45C8-97B4-88B723A74C85}.AppStore|iPhone.ActiveCfg = Release|Any CPU
		{FA668CAA-23E2-45C8-97B4-88B723A74C85}.AppStore|iPhone.Build.0 = Release|Any CPU
		{FA668CAA-23E2-45C8-97B4-88B723A74C85}.AppStore|iPhone.Deploy.0 = Release|Any CPU
		{FA668CAA-23E2-45C8-97B4-88B723A74C85}.AppStore|iPhoneSimulator.ActiveCfg = Release|Any CPU
		{FA668CAA-23E2-45C8-97B4-88B723A74C85}.AppStore|iPhoneSimulator.Build.0 = Release|Any CPU
		{FA668CAA-23E2-45C8-97B4-88B723A74C85}.AppStore|iPhoneSimulator.Deploy.0 = Release|Any CPU
		{FA668CAA-23E2-45C8-97B4-88B723A74C85}.AppStore|x64.ActiveCfg = Release|Any CPU
		{FA668CAA-23E2-45C8-97B4-88B723A74C85}.AppStore|x64.Build.0 = Release|Any CPU
		{FA668CAA-23E2-45C8-97B4-88B723A74C85}.AppStore|x64.Deploy.0 = Release|Any CPU
		{FA668CAA-23E2-45C8-97B4-88B723A74C85}.AppStore|x86.ActiveCfg = Release|Any CPU
		{FA668CAA-23E2-45C8-97B4-88B723A74C85}.AppStore|x86.Build.0 = Release|Any CPU
		{FA668CAA-23E2-45C8-97B4-88B723A74C85}.AppStore|x86.Deploy.0 = Release|Any CPU
		{FA668CAA-23E2-45C8-97B4-88B723A74C85}.Debug|Any CPU.ActiveCfg = Debug|Any CPU
		{FA668CAA-23E2-45C8-97B4-88B723A74C85}.Debug|Any CPU.Build.0 = Debug|Any CPU
		{FA668CAA-23E2-45C8-97B4-88B723A74C85}.Debug|Any CPU.Deploy.0 = Debug|Any CPU
		{FA668CAA-23E2-45C8-97B4-88B723A74C85}.Debug|ARM.ActiveCfg = Debug|Any CPU
		{FA668CAA-23E2-45C8-97B4-88B723A74C85}.Debug|ARM.Build.0 = Debug|Any CPU
		{FA668CAA-23E2-45C8-97B4-88B723A74C85}.Debug|ARM.Deploy.0 = Debug|Any CPU
		{FA668CAA-23E2-45C8-97B4-88B723A74C85}.Debug|iPhone.ActiveCfg = Debug|Any CPU
		{FA668CAA-23E2-45C8-97B4-88B723A74C85}.Debug|iPhone.Build.0 = Debug|Any CPU
		{FA668CAA-23E2-45C8-97B4-88B723A74C85}.Debug|iPhone.Deploy.0 = Debug|Any CPU
		{FA668CAA-23E2-45C8-97B4-88B723A74C85}.Debug|iPhoneSimulator.ActiveCfg = Debug|Any CPU
		{FA668CAA-23E2-45C8-97B4-88B723A74C85}.Debug|iPhoneSimulator.Build.0 = Debug|Any CPU
		{FA668CAA-23E2-45C8-97B4-88B723A74C85}.Debug|iPhoneSimulator.Deploy.0 = Debug|Any CPU
		{FA668CAA-23E2-45C8-97B4-88B723A74C85}.Debug|x64.ActiveCfg = Debug|Any CPU
		{FA668CAA-23E2-45C8-97B4-88B723A74C85}.Debug|x64.Build.0 = Debug|Any CPU
		{FA668CAA-23E2-45C8-97B4-88B723A74C85}.Debug|x64.Deploy.0 = Debug|Any CPU
		{FA668CAA-23E2-45C8-97B4-88B723A74C85}.Debug|x86.ActiveCfg = Debug|Any CPU
		{FA668CAA-23E2-45C8-97B4-88B723A74C85}.Debug|x86.Build.0 = Debug|Any CPU
		{FA668CAA-23E2-45C8-97B4-88B723A74C85}.Debug|x86.Deploy.0 = Debug|Any CPU
		{FA668CAA-23E2-45C8-97B4-88B723A74C85}.Release|Any CPU.ActiveCfg = Release|Any CPU
		{FA668CAA-23E2-45C8-97B4-88B723A74C85}.Release|Any CPU.Build.0 = Release|Any CPU
		{FA668CAA-23E2-45C8-97B4-88B723A74C85}.Release|Any CPU.Deploy.0 = Release|Any CPU
		{FA668CAA-23E2-45C8-97B4-88B723A74C85}.Release|ARM.ActiveCfg = Release|Any CPU
		{FA668CAA-23E2-45C8-97B4-88B723A74C85}.Release|ARM.Build.0 = Release|Any CPU
		{FA668CAA-23E2-45C8-97B4-88B723A74C85}.Release|ARM.Deploy.0 = Release|Any CPU
		{FA668CAA-23E2-45C8-97B4-88B723A74C85}.Release|iPhone.ActiveCfg = Release|Any CPU
		{FA668CAA-23E2-45C8-97B4-88B723A74C85}.Release|iPhone.Build.0 = Release|Any CPU
		{FA668CAA-23E2-45C8-97B4-88B723A74C85}.Release|iPhone.Deploy.0 = Release|Any CPU
		{FA668CAA-23E2-45C8-97B4-88B723A74C85}.Release|iPhoneSimulator.ActiveCfg = Release|Any CPU
		{FA668CAA-23E2-45C8-97B4-88B723A74C85}.Release|iPhoneSimulator.Build.0 = Release|Any CPU
		{FA668CAA-23E2-45C8-97B4-88B723A74C85}.Release|iPhoneSimulator.Deploy.0 = Release|Any CPU
		{FA668CAA-23E2-45C8-97B4-88B723A74C85}.Release|x64.ActiveCfg = Release|Any CPU
		{FA668CAA-23E2-45C8-97B4-88B723A74C85}.Release|x64.Build.0 = Release|Any CPU
		{FA668CAA-23E2-45C8-97B4-88B723A74C85}.Release|x64.Deploy.0 = Release|Any CPU
		{FA668CAA-23E2-45C8-97B4-88B723A74C85}.Release|x86.ActiveCfg = Release|Any CPU
		{FA668CAA-23E2-45C8-97B4-88B723A74C85}.Release|x86.Build.0 = Release|Any CPU
		{FA668CAA-23E2-45C8-97B4-88B723A74C85}.Release|x86.Deploy.0 = Release|Any CPU
		{0B1ED651-E8EC-4EA6-8E83-1813BC6EAA7D}.Ad-Hoc|Any CPU.ActiveCfg = Ad-Hoc|iPhone
		{0B1ED651-E8EC-4EA6-8E83-1813BC6EAA7D}.Ad-Hoc|ARM.ActiveCfg = Ad-Hoc|iPhone
		{0B1ED651-E8EC-4EA6-8E83-1813BC6EAA7D}.Ad-Hoc|iPhone.ActiveCfg = Ad-Hoc|iPhone
		{0B1ED651-E8EC-4EA6-8E83-1813BC6EAA7D}.Ad-Hoc|iPhone.Build.0 = Ad-Hoc|iPhone
		{0B1ED651-E8EC-4EA6-8E83-1813BC6EAA7D}.Ad-Hoc|iPhoneSimulator.ActiveCfg = Ad-Hoc|iPhoneSimulator
		{0B1ED651-E8EC-4EA6-8E83-1813BC6EAA7D}.Ad-Hoc|iPhoneSimulator.Build.0 = Ad-Hoc|iPhoneSimulator
		{0B1ED651-E8EC-4EA6-8E83-1813BC6EAA7D}.Ad-Hoc|x64.ActiveCfg = Ad-Hoc|iPhone
		{0B1ED651-E8EC-4EA6-8E83-1813BC6EAA7D}.Ad-Hoc|x86.ActiveCfg = Ad-Hoc|iPhone
		{0B1ED651-E8EC-4EA6-8E83-1813BC6EAA7D}.AppStore|Any CPU.ActiveCfg = AppStore|iPhone
		{0B1ED651-E8EC-4EA6-8E83-1813BC6EAA7D}.AppStore|ARM.ActiveCfg = AppStore|iPhone
		{0B1ED651-E8EC-4EA6-8E83-1813BC6EAA7D}.AppStore|iPhone.ActiveCfg = AppStore|iPhone
		{0B1ED651-E8EC-4EA6-8E83-1813BC6EAA7D}.AppStore|iPhone.Build.0 = AppStore|iPhone
		{0B1ED651-E8EC-4EA6-8E83-1813BC6EAA7D}.AppStore|iPhoneSimulator.ActiveCfg = AppStore|iPhoneSimulator
		{0B1ED651-E8EC-4EA6-8E83-1813BC6EAA7D}.AppStore|iPhoneSimulator.Build.0 = AppStore|iPhoneSimulator
		{0B1ED651-E8EC-4EA6-8E83-1813BC6EAA7D}.AppStore|x64.ActiveCfg = AppStore|iPhone
		{0B1ED651-E8EC-4EA6-8E83-1813BC6EAA7D}.AppStore|x86.ActiveCfg = AppStore|iPhone
		{0B1ED651-E8EC-4EA6-8E83-1813BC6EAA7D}.Debug|Any CPU.ActiveCfg = Debug|iPhone
		{0B1ED651-E8EC-4EA6-8E83-1813BC6EAA7D}.Debug|ARM.ActiveCfg = Debug|iPhone
		{0B1ED651-E8EC-4EA6-8E83-1813BC6EAA7D}.Debug|iPhone.ActiveCfg = Debug|iPhone
		{0B1ED651-E8EC-4EA6-8E83-1813BC6EAA7D}.Debug|iPhone.Build.0 = Debug|iPhone
		{0B1ED651-E8EC-4EA6-8E83-1813BC6EAA7D}.Debug|iPhoneSimulator.ActiveCfg = Debug|iPhoneSimulator
		{0B1ED651-E8EC-4EA6-8E83-1813BC6EAA7D}.Debug|iPhoneSimulator.Build.0 = Debug|iPhoneSimulator
		{0B1ED651-E8EC-4EA6-8E83-1813BC6EAA7D}.Debug|x64.ActiveCfg = Debug|iPhone
		{0B1ED651-E8EC-4EA6-8E83-1813BC6EAA7D}.Debug|x86.ActiveCfg = Debug|iPhone
		{0B1ED651-E8EC-4EA6-8E83-1813BC6EAA7D}.Release|Any CPU.ActiveCfg = Release|iPhone
		{0B1ED651-E8EC-4EA6-8E83-1813BC6EAA7D}.Release|ARM.ActiveCfg = Release|iPhone
		{0B1ED651-E8EC-4EA6-8E83-1813BC6EAA7D}.Release|iPhone.ActiveCfg = Release|iPhone
		{0B1ED651-E8EC-4EA6-8E83-1813BC6EAA7D}.Release|iPhone.Build.0 = Release|iPhone
		{0B1ED651-E8EC-4EA6-8E83-1813BC6EAA7D}.Release|iPhoneSimulator.ActiveCfg = Release|iPhoneSimulator
		{0B1ED651-E8EC-4EA6-8E83-1813BC6EAA7D}.Release|iPhoneSimulator.Build.0 = Release|iPhoneSimulator
		{0B1ED651-E8EC-4EA6-8E83-1813BC6EAA7D}.Release|x64.ActiveCfg = Release|iPhone
		{0B1ED651-E8EC-4EA6-8E83-1813BC6EAA7D}.Release|x86.ActiveCfg = Release|iPhone
		{D8CF83D1-3CB6-43A5-B3A1-42593B58D7A4}.Ad-Hoc|Any CPU.ActiveCfg = Release|Any CPU
		{D8CF83D1-3CB6-43A5-B3A1-42593B58D7A4}.Ad-Hoc|Any CPU.Build.0 = Release|Any CPU
		{D8CF83D1-3CB6-43A5-B3A1-42593B58D7A4}.Ad-Hoc|Any CPU.Deploy.0 = Release|Any CPU
		{D8CF83D1-3CB6-43A5-B3A1-42593B58D7A4}.Ad-Hoc|ARM.ActiveCfg = Release|ARM
		{D8CF83D1-3CB6-43A5-B3A1-42593B58D7A4}.Ad-Hoc|ARM.Build.0 = Release|ARM
		{D8CF83D1-3CB6-43A5-B3A1-42593B58D7A4}.Ad-Hoc|ARM.Deploy.0 = Release|ARM
		{D8CF83D1-3CB6-43A5-B3A1-42593B58D7A4}.Ad-Hoc|iPhone.ActiveCfg = Release|Any CPU
		{D8CF83D1-3CB6-43A5-B3A1-42593B58D7A4}.Ad-Hoc|iPhone.Build.0 = Release|Any CPU
		{D8CF83D1-3CB6-43A5-B3A1-42593B58D7A4}.Ad-Hoc|iPhone.Deploy.0 = Release|Any CPU
		{D8CF83D1-3CB6-43A5-B3A1-42593B58D7A4}.Ad-Hoc|iPhoneSimulator.ActiveCfg = Release|Any CPU
		{D8CF83D1-3CB6-43A5-B3A1-42593B58D7A4}.Ad-Hoc|iPhoneSimulator.Build.0 = Release|Any CPU
		{D8CF83D1-3CB6-43A5-B3A1-42593B58D7A4}.Ad-Hoc|iPhoneSimulator.Deploy.0 = Release|Any CPU
		{D8CF83D1-3CB6-43A5-B3A1-42593B58D7A4}.Ad-Hoc|x64.ActiveCfg = Release|Any CPU
		{D8CF83D1-3CB6-43A5-B3A1-42593B58D7A4}.Ad-Hoc|x64.Build.0 = Release|Any CPU
		{D8CF83D1-3CB6-43A5-B3A1-42593B58D7A4}.Ad-Hoc|x64.Deploy.0 = Release|Any CPU
		{D8CF83D1-3CB6-43A5-B3A1-42593B58D7A4}.Ad-Hoc|x86.ActiveCfg = Release|x86
		{D8CF83D1-3CB6-43A5-B3A1-42593B58D7A4}.Ad-Hoc|x86.Build.0 = Release|x86
		{D8CF83D1-3CB6-43A5-B3A1-42593B58D7A4}.Ad-Hoc|x86.Deploy.0 = Release|x86
		{D8CF83D1-3CB6-43A5-B3A1-42593B58D7A4}.AppStore|Any CPU.ActiveCfg = Release|Any CPU
		{D8CF83D1-3CB6-43A5-B3A1-42593B58D7A4}.AppStore|Any CPU.Build.0 = Release|Any CPU
		{D8CF83D1-3CB6-43A5-B3A1-42593B58D7A4}.AppStore|Any CPU.Deploy.0 = Release|Any CPU
		{D8CF83D1-3CB6-43A5-B3A1-42593B58D7A4}.AppStore|ARM.ActiveCfg = Release|ARM
		{D8CF83D1-3CB6-43A5-B3A1-42593B58D7A4}.AppStore|ARM.Build.0 = Release|ARM
		{D8CF83D1-3CB6-43A5-B3A1-42593B58D7A4}.AppStore|ARM.Deploy.0 = Release|ARM
		{D8CF83D1-3CB6-43A5-B3A1-42593B58D7A4}.AppStore|iPhone.ActiveCfg = Release|Any CPU
		{D8CF83D1-3CB6-43A5-B3A1-42593B58D7A4}.AppStore|iPhone.Build.0 = Release|Any CPU
		{D8CF83D1-3CB6-43A5-B3A1-42593B58D7A4}.AppStore|iPhone.Deploy.0 = Release|Any CPU
		{D8CF83D1-3CB6-43A5-B3A1-42593B58D7A4}.AppStore|iPhoneSimulator.ActiveCfg = Release|Any CPU
		{D8CF83D1-3CB6-43A5-B3A1-42593B58D7A4}.AppStore|iPhoneSimulator.Build.0 = Release|Any CPU
		{D8CF83D1-3CB6-43A5-B3A1-42593B58D7A4}.AppStore|iPhoneSimulator.Deploy.0 = Release|Any CPU
		{D8CF83D1-3CB6-43A5-B3A1-42593B58D7A4}.AppStore|x64.ActiveCfg = Release|Any CPU
		{D8CF83D1-3CB6-43A5-B3A1-42593B58D7A4}.AppStore|x64.Build.0 = Release|Any CPU
		{D8CF83D1-3CB6-43A5-B3A1-42593B58D7A4}.AppStore|x64.Deploy.0 = Release|Any CPU
		{D8CF83D1-3CB6-43A5-B3A1-42593B58D7A4}.AppStore|x86.ActiveCfg = Release|x86
		{D8CF83D1-3CB6-43A5-B3A1-42593B58D7A4}.AppStore|x86.Build.0 = Release|x86
		{D8CF83D1-3CB6-43A5-B3A1-42593B58D7A4}.AppStore|x86.Deploy.0 = Release|x86
		{D8CF83D1-3CB6-43A5-B3A1-42593B58D7A4}.Debug|Any CPU.ActiveCfg = Debug|Any CPU
		{D8CF83D1-3CB6-43A5-B3A1-42593B58D7A4}.Debug|Any CPU.Build.0 = Debug|Any CPU
		{D8CF83D1-3CB6-43A5-B3A1-42593B58D7A4}.Debug|Any CPU.Deploy.0 = Debug|Any CPU
		{D8CF83D1-3CB6-43A5-B3A1-42593B58D7A4}.Debug|ARM.ActiveCfg = Debug|ARM
		{D8CF83D1-3CB6-43A5-B3A1-42593B58D7A4}.Debug|ARM.Build.0 = Debug|ARM
		{D8CF83D1-3CB6-43A5-B3A1-42593B58D7A4}.Debug|ARM.Deploy.0 = Debug|ARM
		{D8CF83D1-3CB6-43A5-B3A1-42593B58D7A4}.Debug|iPhone.ActiveCfg = Debug|Any CPU
		{D8CF83D1-3CB6-43A5-B3A1-42593B58D7A4}.Debug|iPhone.Build.0 = Debug|Any CPU
		{D8CF83D1-3CB6-43A5-B3A1-42593B58D7A4}.Debug|iPhone.Deploy.0 = Debug|Any CPU
		{D8CF83D1-3CB6-43A5-B3A1-42593B58D7A4}.Debug|iPhoneSimulator.ActiveCfg = Debug|Any CPU
		{D8CF83D1-3CB6-43A5-B3A1-42593B58D7A4}.Debug|iPhoneSimulator.Build.0 = Debug|Any CPU
		{D8CF83D1-3CB6-43A5-B3A1-42593B58D7A4}.Debug|iPhoneSimulator.Deploy.0 = Debug|Any CPU
		{D8CF83D1-3CB6-43A5-B3A1-42593B58D7A4}.Debug|x64.ActiveCfg = Debug|Any CPU
		{D8CF83D1-3CB6-43A5-B3A1-42593B58D7A4}.Debug|x64.Build.0 = Debug|Any CPU
		{D8CF83D1-3CB6-43A5-B3A1-42593B58D7A4}.Debug|x64.Deploy.0 = Debug|Any CPU
		{D8CF83D1-3CB6-43A5-B3A1-42593B58D7A4}.Debug|x86.ActiveCfg = Debug|x86
		{D8CF83D1-3CB6-43A5-B3A1-42593B58D7A4}.Debug|x86.Build.0 = Debug|x86
		{D8CF83D1-3CB6-43A5-B3A1-42593B58D7A4}.Debug|x86.Deploy.0 = Debug|x86
		{D8CF83D1-3CB6-43A5-B3A1-42593B58D7A4}.Release|Any CPU.ActiveCfg = Release|Any CPU
		{D8CF83D1-3CB6-43A5-B3A1-42593B58D7A4}.Release|Any CPU.Build.0 = Release|Any CPU
		{D8CF83D1-3CB6-43A5-B3A1-42593B58D7A4}.Release|Any CPU.Deploy.0 = Release|Any CPU
		{D8CF83D1-3CB6-43A5-B3A1-42593B58D7A4}.Release|ARM.ActiveCfg = Release|ARM
		{D8CF83D1-3CB6-43A5-B3A1-42593B58D7A4}.Release|ARM.Build.0 = Release|ARM
		{D8CF83D1-3CB6-43A5-B3A1-42593B58D7A4}.Release|ARM.Deploy.0 = Release|ARM
		{D8CF83D1-3CB6-43A5-B3A1-42593B58D7A4}.Release|iPhone.ActiveCfg = Release|Any CPU
		{D8CF83D1-3CB6-43A5-B3A1-42593B58D7A4}.Release|iPhone.Build.0 = Release|Any CPU
		{D8CF83D1-3CB6-43A5-B3A1-42593B58D7A4}.Release|iPhone.Deploy.0 = Release|Any CPU
		{D8CF83D1-3CB6-43A5-B3A1-42593B58D7A4}.Release|iPhoneSimulator.ActiveCfg = Release|Any CPU
		{D8CF83D1-3CB6-43A5-B3A1-42593B58D7A4}.Release|iPhoneSimulator.Build.0 = Release|Any CPU
		{D8CF83D1-3CB6-43A5-B3A1-42593B58D7A4}.Release|iPhoneSimulator.Deploy.0 = Release|Any CPU
		{D8CF83D1-3CB6-43A5-B3A1-42593B58D7A4}.Release|x64.ActiveCfg = Release|Any CPU
		{D8CF83D1-3CB6-43A5-B3A1-42593B58D7A4}.Release|x64.Build.0 = Release|Any CPU
		{D8CF83D1-3CB6-43A5-B3A1-42593B58D7A4}.Release|x64.Deploy.0 = Release|Any CPU
		{D8CF83D1-3CB6-43A5-B3A1-42593B58D7A4}.Release|x86.ActiveCfg = Release|x86
		{D8CF83D1-3CB6-43A5-B3A1-42593B58D7A4}.Release|x86.Build.0 = Release|x86
		{D8CF83D1-3CB6-43A5-B3A1-42593B58D7A4}.Release|x86.Deploy.0 = Release|x86
		{38B77328-E546-4EC8-9997-8448C637AE8D}.Ad-Hoc|Any CPU.ActiveCfg = Release|x86
		{38B77328-E546-4EC8-9997-8448C637AE8D}.Ad-Hoc|Any CPU.Build.0 = Release|x86
		{38B77328-E546-4EC8-9997-8448C637AE8D}.Ad-Hoc|Any CPU.Deploy.0 = Release|x86
		{38B77328-E546-4EC8-9997-8448C637AE8D}.Ad-Hoc|ARM.ActiveCfg = Release|ARM
		{38B77328-E546-4EC8-9997-8448C637AE8D}.Ad-Hoc|ARM.Build.0 = Release|ARM
		{38B77328-E546-4EC8-9997-8448C637AE8D}.Ad-Hoc|ARM.Deploy.0 = Release|ARM
		{38B77328-E546-4EC8-9997-8448C637AE8D}.Ad-Hoc|iPhone.ActiveCfg = Release|x86
		{38B77328-E546-4EC8-9997-8448C637AE8D}.Ad-Hoc|iPhone.Build.0 = Release|x86
		{38B77328-E546-4EC8-9997-8448C637AE8D}.Ad-Hoc|iPhone.Deploy.0 = Release|x86
		{38B77328-E546-4EC8-9997-8448C637AE8D}.Ad-Hoc|iPhoneSimulator.ActiveCfg = Release|x86
		{38B77328-E546-4EC8-9997-8448C637AE8D}.Ad-Hoc|iPhoneSimulator.Build.0 = Release|x86
		{38B77328-E546-4EC8-9997-8448C637AE8D}.Ad-Hoc|iPhoneSimulator.Deploy.0 = Release|x86
		{38B77328-E546-4EC8-9997-8448C637AE8D}.Ad-Hoc|x64.ActiveCfg = Release|x64
		{38B77328-E546-4EC8-9997-8448C637AE8D}.Ad-Hoc|x64.Build.0 = Release|x64
		{38B77328-E546-4EC8-9997-8448C637AE8D}.Ad-Hoc|x64.Deploy.0 = Release|x64
		{38B77328-E546-4EC8-9997-8448C637AE8D}.Ad-Hoc|x86.ActiveCfg = Release|x86
		{38B77328-E546-4EC8-9997-8448C637AE8D}.Ad-Hoc|x86.Build.0 = Release|x86
		{38B77328-E546-4EC8-9997-8448C637AE8D}.Ad-Hoc|x86.Deploy.0 = Release|x86
		{38B77328-E546-4EC8-9997-8448C637AE8D}.AppStore|Any CPU.ActiveCfg = Release|x86
		{38B77328-E546-4EC8-9997-8448C637AE8D}.AppStore|Any CPU.Build.0 = Release|x86
		{38B77328-E546-4EC8-9997-8448C637AE8D}.AppStore|Any CPU.Deploy.0 = Release|x86
		{38B77328-E546-4EC8-9997-8448C637AE8D}.AppStore|ARM.ActiveCfg = Release|ARM
		{38B77328-E546-4EC8-9997-8448C637AE8D}.AppStore|ARM.Build.0 = Release|ARM
		{38B77328-E546-4EC8-9997-8448C637AE8D}.AppStore|ARM.Deploy.0 = Release|ARM
		{38B77328-E546-4EC8-9997-8448C637AE8D}.AppStore|iPhone.ActiveCfg = Release|x86
		{38B77328-E546-4EC8-9997-8448C637AE8D}.AppStore|iPhone.Build.0 = Release|x86
		{38B77328-E546-4EC8-9997-8448C637AE8D}.AppStore|iPhone.Deploy.0 = Release|x86
		{38B77328-E546-4EC8-9997-8448C637AE8D}.AppStore|iPhoneSimulator.ActiveCfg = Release|x86
		{38B77328-E546-4EC8-9997-8448C637AE8D}.AppStore|iPhoneSimulator.Build.0 = Release|x86
		{38B77328-E546-4EC8-9997-8448C637AE8D}.AppStore|iPhoneSimulator.Deploy.0 = Release|x86
		{38B77328-E546-4EC8-9997-8448C637AE8D}.AppStore|x64.ActiveCfg = Release|x64
		{38B77328-E546-4EC8-9997-8448C637AE8D}.AppStore|x64.Build.0 = Release|x64
		{38B77328-E546-4EC8-9997-8448C637AE8D}.AppStore|x64.Deploy.0 = Release|x64
		{38B77328-E546-4EC8-9997-8448C637AE8D}.AppStore|x86.ActiveCfg = Release|x86
		{38B77328-E546-4EC8-9997-8448C637AE8D}.AppStore|x86.Build.0 = Release|x86
		{38B77328-E546-4EC8-9997-8448C637AE8D}.AppStore|x86.Deploy.0 = Release|x86
		{38B77328-E546-4EC8-9997-8448C637AE8D}.Debug|Any CPU.ActiveCfg = Debug|x86
		{38B77328-E546-4EC8-9997-8448C637AE8D}.Debug|ARM.ActiveCfg = Debug|ARM
		{38B77328-E546-4EC8-9997-8448C637AE8D}.Debug|ARM.Build.0 = Debug|ARM
		{38B77328-E546-4EC8-9997-8448C637AE8D}.Debug|ARM.Deploy.0 = Debug|ARM
		{38B77328-E546-4EC8-9997-8448C637AE8D}.Debug|iPhone.ActiveCfg = Debug|x86
		{38B77328-E546-4EC8-9997-8448C637AE8D}.Debug|iPhoneSimulator.ActiveCfg = Debug|x86
		{38B77328-E546-4EC8-9997-8448C637AE8D}.Debug|x64.ActiveCfg = Debug|x64
		{38B77328-E546-4EC8-9997-8448C637AE8D}.Debug|x64.Build.0 = Debug|x64
		{38B77328-E546-4EC8-9997-8448C637AE8D}.Debug|x64.Deploy.0 = Debug|x64
		{38B77328-E546-4EC8-9997-8448C637AE8D}.Debug|x86.ActiveCfg = Debug|x86
		{38B77328-E546-4EC8-9997-8448C637AE8D}.Debug|x86.Build.0 = Debug|x86
		{38B77328-E546-4EC8-9997-8448C637AE8D}.Debug|x86.Deploy.0 = Debug|x86
		{38B77328-E546-4EC8-9997-8448C637AE8D}.Release|Any CPU.ActiveCfg = Release|x86
		{38B77328-E546-4EC8-9997-8448C637AE8D}.Release|ARM.ActiveCfg = Release|ARM
		{38B77328-E546-4EC8-9997-8448C637AE8D}.Release|ARM.Build.0 = Release|ARM
		{38B77328-E546-4EC8-9997-8448C637AE8D}.Release|ARM.Deploy.0 = Release|ARM
		{38B77328-E546-4EC8-9997-8448C637AE8D}.Release|iPhone.ActiveCfg = Release|x86
		{38B77328-E546-4EC8-9997-8448C637AE8D}.Release|iPhoneSimulator.ActiveCfg = Release|x86
		{38B77328-E546-4EC8-9997-8448C637AE8D}.Release|x64.ActiveCfg = Release|x64
		{38B77328-E546-4EC8-9997-8448C637AE8D}.Release|x64.Build.0 = Release|x64
		{38B77328-E546-4EC8-9997-8448C637AE8D}.Release|x64.Deploy.0 = Release|x64
		{38B77328-E546-4EC8-9997-8448C637AE8D}.Release|x86.ActiveCfg = Release|x86
		{38B77328-E546-4EC8-9997-8448C637AE8D}.Release|x86.Build.0 = Release|x86
		{38B77328-E546-4EC8-9997-8448C637AE8D}.Release|x86.Deploy.0 = Release|x86
		{864C7B16-A188-496E-ACEF-7DB97A7FBAE6}.Ad-Hoc|Any CPU.ActiveCfg = Release|Any CPU
		{864C7B16-A188-496E-ACEF-7DB97A7FBAE6}.Ad-Hoc|Any CPU.Build.0 = Release|Any CPU
		{864C7B16-A188-496E-ACEF-7DB97A7FBAE6}.Ad-Hoc|Any CPU.Deploy.0 = Release|Any CPU
		{864C7B16-A188-496E-ACEF-7DB97A7FBAE6}.Ad-Hoc|ARM.ActiveCfg = Release|ARM
		{864C7B16-A188-496E-ACEF-7DB97A7FBAE6}.Ad-Hoc|ARM.Build.0 = Release|ARM
		{864C7B16-A188-496E-ACEF-7DB97A7FBAE6}.Ad-Hoc|ARM.Deploy.0 = Release|ARM
		{864C7B16-A188-496E-ACEF-7DB97A7FBAE6}.Ad-Hoc|iPhone.ActiveCfg = Release|Any CPU
		{864C7B16-A188-496E-ACEF-7DB97A7FBAE6}.Ad-Hoc|iPhone.Build.0 = Release|Any CPU
		{864C7B16-A188-496E-ACEF-7DB97A7FBAE6}.Ad-Hoc|iPhone.Deploy.0 = Release|Any CPU
		{864C7B16-A188-496E-ACEF-7DB97A7FBAE6}.Ad-Hoc|iPhoneSimulator.ActiveCfg = Release|Any CPU
		{864C7B16-A188-496E-ACEF-7DB97A7FBAE6}.Ad-Hoc|iPhoneSimulator.Build.0 = Release|Any CPU
		{864C7B16-A188-496E-ACEF-7DB97A7FBAE6}.Ad-Hoc|iPhoneSimulator.Deploy.0 = Release|Any CPU
		{864C7B16-A188-496E-ACEF-7DB97A7FBAE6}.Ad-Hoc|x64.ActiveCfg = Release|x64
		{864C7B16-A188-496E-ACEF-7DB97A7FBAE6}.Ad-Hoc|x64.Build.0 = Release|x64
		{864C7B16-A188-496E-ACEF-7DB97A7FBAE6}.Ad-Hoc|x64.Deploy.0 = Release|x64
		{864C7B16-A188-496E-ACEF-7DB97A7FBAE6}.Ad-Hoc|x86.ActiveCfg = Release|x86
		{864C7B16-A188-496E-ACEF-7DB97A7FBAE6}.Ad-Hoc|x86.Build.0 = Release|x86
		{864C7B16-A188-496E-ACEF-7DB97A7FBAE6}.Ad-Hoc|x86.Deploy.0 = Release|x86
		{864C7B16-A188-496E-ACEF-7DB97A7FBAE6}.AppStore|Any CPU.ActiveCfg = Release|Any CPU
		{864C7B16-A188-496E-ACEF-7DB97A7FBAE6}.AppStore|Any CPU.Build.0 = Release|Any CPU
		{864C7B16-A188-496E-ACEF-7DB97A7FBAE6}.AppStore|Any CPU.Deploy.0 = Release|Any CPU
		{864C7B16-A188-496E-ACEF-7DB97A7FBAE6}.AppStore|ARM.ActiveCfg = Release|ARM
		{864C7B16-A188-496E-ACEF-7DB97A7FBAE6}.AppStore|ARM.Build.0 = Release|ARM
		{864C7B16-A188-496E-ACEF-7DB97A7FBAE6}.AppStore|ARM.Deploy.0 = Release|ARM
		{864C7B16-A188-496E-ACEF-7DB97A7FBAE6}.AppStore|iPhone.ActiveCfg = Release|Any CPU
		{864C7B16-A188-496E-ACEF-7DB97A7FBAE6}.AppStore|iPhone.Build.0 = Release|Any CPU
		{864C7B16-A188-496E-ACEF-7DB97A7FBAE6}.AppStore|iPhone.Deploy.0 = Release|Any CPU
		{864C7B16-A188-496E-ACEF-7DB97A7FBAE6}.AppStore|iPhoneSimulator.ActiveCfg = Release|Any CPU
		{864C7B16-A188-496E-ACEF-7DB97A7FBAE6}.AppStore|iPhoneSimulator.Build.0 = Release|Any CPU
		{864C7B16-A188-496E-ACEF-7DB97A7FBAE6}.AppStore|iPhoneSimulator.Deploy.0 = Release|Any CPU
		{864C7B16-A188-496E-ACEF-7DB97A7FBAE6}.AppStore|x64.ActiveCfg = Release|x64
		{864C7B16-A188-496E-ACEF-7DB97A7FBAE6}.AppStore|x64.Build.0 = Release|x64
		{864C7B16-A188-496E-ACEF-7DB97A7FBAE6}.AppStore|x64.Deploy.0 = Release|x64
		{864C7B16-A188-496E-ACEF-7DB97A7FBAE6}.AppStore|x86.ActiveCfg = Release|x86
		{864C7B16-A188-496E-ACEF-7DB97A7FBAE6}.AppStore|x86.Build.0 = Release|x86
		{864C7B16-A188-496E-ACEF-7DB97A7FBAE6}.AppStore|x86.Deploy.0 = Release|x86
		{864C7B16-A188-496E-ACEF-7DB97A7FBAE6}.Debug|Any CPU.ActiveCfg = Debug|Any CPU
		{864C7B16-A188-496E-ACEF-7DB97A7FBAE6}.Debug|Any CPU.Build.0 = Debug|Any CPU
		{864C7B16-A188-496E-ACEF-7DB97A7FBAE6}.Debug|Any CPU.Deploy.0 = Debug|Any CPU
		{864C7B16-A188-496E-ACEF-7DB97A7FBAE6}.Debug|ARM.ActiveCfg = Debug|ARM
		{864C7B16-A188-496E-ACEF-7DB97A7FBAE6}.Debug|ARM.Build.0 = Debug|ARM
		{864C7B16-A188-496E-ACEF-7DB97A7FBAE6}.Debug|ARM.Deploy.0 = Debug|ARM
		{864C7B16-A188-496E-ACEF-7DB97A7FBAE6}.Debug|iPhone.ActiveCfg = Debug|Any CPU
		{864C7B16-A188-496E-ACEF-7DB97A7FBAE6}.Debug|iPhone.Build.0 = Debug|Any CPU
		{864C7B16-A188-496E-ACEF-7DB97A7FBAE6}.Debug|iPhone.Deploy.0 = Debug|Any CPU
		{864C7B16-A188-496E-ACEF-7DB97A7FBAE6}.Debug|iPhoneSimulator.ActiveCfg = Debug|Any CPU
		{864C7B16-A188-496E-ACEF-7DB97A7FBAE6}.Debug|iPhoneSimulator.Build.0 = Debug|Any CPU
		{864C7B16-A188-496E-ACEF-7DB97A7FBAE6}.Debug|iPhoneSimulator.Deploy.0 = Debug|Any CPU
		{864C7B16-A188-496E-ACEF-7DB97A7FBAE6}.Debug|x64.ActiveCfg = Debug|x64
		{864C7B16-A188-496E-ACEF-7DB97A7FBAE6}.Debug|x64.Build.0 = Debug|x64
		{864C7B16-A188-496E-ACEF-7DB97A7FBAE6}.Debug|x64.Deploy.0 = Debug|x64
		{864C7B16-A188-496E-ACEF-7DB97A7FBAE6}.Debug|x86.ActiveCfg = Debug|x86
		{864C7B16-A188-496E-ACEF-7DB97A7FBAE6}.Debug|x86.Build.0 = Debug|x86
		{864C7B16-A188-496E-ACEF-7DB97A7FBAE6}.Debug|x86.Deploy.0 = Debug|x86
		{864C7B16-A188-496E-ACEF-7DB97A7FBAE6}.Release|Any CPU.ActiveCfg = Release|Any CPU
		{864C7B16-A188-496E-ACEF-7DB97A7FBAE6}.Release|Any CPU.Build.0 = Release|Any CPU
		{864C7B16-A188-496E-ACEF-7DB97A7FBAE6}.Release|Any CPU.Deploy.0 = Release|Any CPU
		{864C7B16-A188-496E-ACEF-7DB97A7FBAE6}.Release|ARM.ActiveCfg = Release|ARM
		{864C7B16-A188-496E-ACEF-7DB97A7FBAE6}.Release|ARM.Build.0 = Release|ARM
		{864C7B16-A188-496E-ACEF-7DB97A7FBAE6}.Release|ARM.Deploy.0 = Release|ARM
		{864C7B16-A188-496E-ACEF-7DB97A7FBAE6}.Release|iPhone.ActiveCfg = Release|Any CPU
		{864C7B16-A188-496E-ACEF-7DB97A7FBAE6}.Release|iPhone.Build.0 = Release|Any CPU
		{864C7B16-A188-496E-ACEF-7DB97A7FBAE6}.Release|iPhone.Deploy.0 = Release|Any CPU
		{864C7B16-A188-496E-ACEF-7DB97A7FBAE6}.Release|iPhoneSimulator.ActiveCfg = Release|Any CPU
		{864C7B16-A188-496E-ACEF-7DB97A7FBAE6}.Release|iPhoneSimulator.Build.0 = Release|Any CPU
		{864C7B16-A188-496E-ACEF-7DB97A7FBAE6}.Release|iPhoneSimulator.Deploy.0 = Release|Any CPU
		{864C7B16-A188-496E-ACEF-7DB97A7FBAE6}.Release|x64.ActiveCfg = Release|x64
		{864C7B16-A188-496E-ACEF-7DB97A7FBAE6}.Release|x64.Build.0 = Release|x64
		{864C7B16-A188-496E-ACEF-7DB97A7FBAE6}.Release|x64.Deploy.0 = Release|x64
		{864C7B16-A188-496E-ACEF-7DB97A7FBAE6}.Release|x86.ActiveCfg = Release|x86
		{864C7B16-A188-496E-ACEF-7DB97A7FBAE6}.Release|x86.Build.0 = Release|x86
		{864C7B16-A188-496E-ACEF-7DB97A7FBAE6}.Release|x86.Deploy.0 = Release|x86
	EndGlobalSection
	GlobalSection(SolutionProperties) = preSolution
		HideSolutionNode = FALSE
	EndGlobalSection
	GlobalSection(NestedProjects) = preSolution
		{705789CC-4093-4ABA-B736-2C57BAC7DC1E} = {BF638522-59B7-4045-A852-D959F60B14C0}
		{6CFEE2E4-C096-4452-A742-1993EA848237} = {C61DEADB-C28D-4342-85FA-F2466EC578DC}
		{0673E4DC-564B-4CBF-B62B-88F37B34CC16} = {267E50C5-3531-4BFD-9038-8CF39A8556E4}
		{13849970-8099-46EA-A9B2-3551274AC931} = {1B0FC1AC-566A-4117-850A-A83FB9769C79}
		{FA668CAA-23E2-45C8-97B4-88B723A74C85} = {1B0FC1AC-566A-4117-850A-A83FB9769C79}
		{0B1ED651-E8EC-4EA6-8E83-1813BC6EAA7D} = {1B0FC1AC-566A-4117-850A-A83FB9769C79}
		{D8CF83D1-3CB6-43A5-B3A1-42593B58D7A4} = {1B0FC1AC-566A-4117-850A-A83FB9769C79}
		{38B77328-E546-4EC8-9997-8448C637AE8D} = {1B0FC1AC-566A-4117-850A-A83FB9769C79}
		{864C7B16-A188-496E-ACEF-7DB97A7FBAE6} = {1B0FC1AC-566A-4117-850A-A83FB9769C79}
	EndGlobalSection
EndGlobal
