
Microsoft Visual Studio Solution File, Format Version 12.00
# Visual Studio 14
VisualStudioVersion = 14.0.25420.1
MinimumVisualStudioVersion = 10.0.40219.1
Project("{2150E333-8FDC-42A3-9474-1A3956D46DE8}") = "Mobile", "Mobile", "{1B0FC1AC-566A-4117-850A-A83FB9769C79}"
EndProject
Project("{2150E333-8FDC-42A3-9474-1A3956D46DE8}") = "Server", "Server", "{BF638522-59B7-4045-A852-D959F60B14C0}"
EndProject
Project("{2150E333-8FDC-42A3-9474-1A3956D46DE8}") = "Web", "Web", "{F1D380C2-61DF-4FFC-8400-BE483B0A6C59}"
EndProject
Project("{FAE04EC0-301F-11D3-BF4B-00C04F79EFBC}") = "LipChat.Server", "LipChat.Server\LipChat.Server.csproj", "{705789CC-4093-4ABA-B736-2C57BAC7DC1E}"
EndProject
Project("{2150E333-8FDC-42A3-9474-1A3956D46DE8}") = "Desktop", "Desktop", "{267E50C5-3531-4BFD-9038-8CF39A8556E4}"
EndProject
Project("{2150E333-8FDC-42A3-9474-1A3956D46DE8}") = "Shared", "Shared", "{C61DEADB-C28D-4342-85FA-F2466EC578DC}"
EndProject
Project("{FAE04EC0-301F-11D3-BF4B-00C04F79EFBC}") = "LipChat.Library", "LipChat.Library\LipChat.Library.csproj", "{6CFEE2E4-C096-4452-A742-1993EA848237}"
EndProject
Project("{FAE04EC0-301F-11D3-BF4B-00C04F79EFBC}") = "LipChat.Universal", "LipChat.Universal\LipChat.Universal.csproj", "{0673E4DC-564B-4CBF-B62B-88F37B34CC16}"
EndProject
Global
	GlobalSection(SolutionConfigurationPlatforms) = preSolution
		Ad-Hoc|Any CPU = Ad-Hoc|Any CPU
		Ad-Hoc|ARM = Ad-Hoc|ARM
		Ad-Hoc|iPhone = Ad-Hoc|iPhone
		Ad-Hoc|iPhoneSimulator = Ad-Hoc|iPhoneSimulator
		Ad-Hoc|x64 = Ad-Hoc|x64
		Ad-Hoc|x86 = Ad-Hoc|x86
		AppStore|Any CPU = AppStore|Any CPU
		AppStore|ARM = AppStore|ARM
		AppStore|iPhone = AppStore|iPhone
		AppStore|iPhoneSimulator = AppStore|iPhoneSimulator
		AppStore|x64 = AppStore|x64
		AppStore|x86 = AppStore|x86
		Debug|Any CPU = Debug|Any CPU
		Debug|ARM = Debug|ARM
		Debug|iPhone = Debug|iPhone
		Debug|iPhoneSimulator = Debug|iPhoneSimulator
		Debug|x64 = Debug|x64
		Debug|x86 = Debug|x86
		Release|Any CPU = Release|Any CPU
		Release|ARM = Release|ARM
		Release|iPhone = Release|iPhone
		Release|iPhoneSimulator = Release|iPhoneSimulator
		Release|x64 = Release|x64
		Release|x86 = Release|x86
	EndGlobalSection
	GlobalSection(ProjectConfigurationPlatforms) = postSolution
		{705789CC-4093-4ABA-B736-2C57BAC7DC1E}.Ad-Hoc|Any CPU.ActiveCfg = Release|Any CPU
		{705789CC-4093-4ABA-B736-2C57BAC7DC1E}.Ad-Hoc|Any CPU.Build.0 = Release|Any CPU
		{705789CC-4093-4ABA-B736-2C57BAC7DC1E}.Ad-Hoc|ARM.ActiveCfg = Release|Any CPU
		{705789CC-4093-4ABA-B736-2C57BAC7DC1E}.Ad-Hoc|ARM.Build.0 = Release|Any CPU
		{705789CC-4093-4ABA-B736-2C57BAC7DC1E}.Ad-Hoc|iPhone.ActiveCfg = Release|Any CPU
		{705789CC-4093-4ABA-B736-2C57BAC7DC1E}.Ad-Hoc|iPhone.Build.0 = Release|Any CPU
		{705789CC-4093-4ABA-B736-2C57BAC7DC1E}.Ad-Hoc|iPhoneSimulator.ActiveCfg = Release|Any CPU
		{705789CC-4093-4ABA-B736-2C57BAC7DC1E}.Ad-Hoc|iPhoneSimulator.Build.0 = Release|Any CPU
		{705789CC-4093-4ABA-B736-2C57BAC7DC1E}.Ad-Hoc|x64.ActiveCfg = Release|Any CPU
		{705789CC-4093-4ABA-B736-2C57BAC7DC1E}.Ad-Hoc|x64.Build.0 = Release|Any CPU
		{705789CC-4093-4ABA-B736-2C57BAC7DC1E}.Ad-Hoc|x86.ActiveCfg = Release|Any CPU
		{705789CC-4093-4ABA-B736-2C57BAC7DC1E}.Ad-Hoc|x86.Build.0 = Release|Any CPU
		{705789CC-4093-4ABA-B736-2C57BAC7DC1E}.AppStore|Any CPU.ActiveCfg = Release|Any CPU
		{705789CC-4093-4ABA-B736-2C57BAC7DC1E}.AppStore|Any CPU.Build.0 = Release|Any CPU
		{705789CC-4093-4ABA-B736-2C57BAC7DC1E}.AppStore|ARM.ActiveCfg = Release|Any CPU
		{705789CC-4093-4ABA-B736-2C57BAC7DC1E}.AppStore|ARM.Build.0 = Release|Any CPU
		{705789CC-4093-4ABA-B736-2C57BAC7DC1E}.AppStore|iPhone.ActiveCfg = Release|Any CPU
		{705789CC-4093-4ABA-B736-2C57BAC7DC1E}.AppStore|iPhone.Build.0 = Release|Any CPU
		{705789CC-4093-4ABA-B736-2C57BAC7DC1E}.AppStore|iPhoneSimulator.ActiveCfg = Release|Any CPU
		{705789CC-4093-4ABA-B736-2C57BAC7DC1E}.AppStore|iPhoneSimulator.Build.0 = Release|Any CPU
		{705789CC-4093-4ABA-B736-2C57BAC7DC1E}.AppStore|x64.ActiveCfg = Release|Any CPU
		{705789CC-4093-4ABA-B736-2C57BAC7DC1E}.AppStore|x64.Build.0 = Release|Any CPU
		{705789CC-4093-4ABA-B736-2C57BAC7DC1E}.AppStore|x86.ActiveCfg = Release|Any CPU
		{705789CC-4093-4ABA-B736-2C57BAC7DC1E}.AppStore|x86.Build.0 = Release|Any CPU
		{705789CC-4093-4ABA-B736-2C57BAC7DC1E}.Debug|Any CPU.ActiveCfg = Debug|Any CPU
		{705789CC-4093-4ABA-B736-2C57BAC7DC1E}.Debug|Any CPU.Build.0 = Debug|Any CPU
		{705789CC-4093-4ABA-B736-2C57BAC7DC1E}.Debug|ARM.ActiveCfg = Debug|Any CPU
		{705789CC-4093-4ABA-B736-2C57BAC7DC1E}.Debug|ARM.Build.0 = Debug|Any CPU
		{705789CC-4093-4ABA-B736-2C57BAC7DC1E}.Debug|iPhone.ActiveCfg = Debug|Any CPU
		{705789CC-4093-4ABA-B736-2C57BAC7DC1E}.Debug|iPhone.Build.0 = Debug|Any CPU
		{705789CC-4093-4ABA-B736-2C57BAC7DC1E}.Debug|iPhoneSimulator.ActiveCfg = Debug|Any CPU
		{705789CC-4093-4ABA-B736-2C57BAC7DC1E}.Debug|iPhoneSimulator.Build.0 = Debug|Any CPU
		{705789CC-4093-4ABA-B736-2C57BAC7DC1E}.Debug|x64.ActiveCfg = Debug|Any CPU
		{705789CC-4093-4ABA-B736-2C57BAC7DC1E}.Debug|x64.Build.0 = Debug|Any CPU
		{705789CC-4093-4ABA-B736-2C57BAC7DC1E}.Debug|x86.ActiveCfg = Debug|Any CPU
		{705789CC-4093-4ABA-B736-2C57BAC7DC1E}.Debug|x86.Build.0 = Debug|Any CPU
		{705789CC-4093-4ABA-B736-2C57BAC7DC1E}.Release|Any CPU.ActiveCfg = Release|Any CPU
		{705789CC-4093-4ABA-B736-2C57BAC7DC1E}.Release|Any CPU.Build.0 = Release|Any CPU
		{705789CC-4093-4ABA-B736-2C57BAC7DC1E}.Release|ARM.ActiveCfg = Release|Any CPU
		{705789CC-4093-4ABA-B736-2C57BAC7DC1E}.Release|ARM.Build.0 = Release|Any CPU
		{705789CC-4093-4ABA-B736-2C57BAC7DC1E}.Release|iPhone.ActiveCfg = Release|Any CPU
		{705789CC-4093-4ABA-B736-2C57BAC7DC1E}.Release|iPhone.Build.0 = Release|Any CPU
		{705789CC-4093-4ABA-B736-2C57BAC7DC1E}.Release|iPhoneSimulator.ActiveCfg = Release|Any CPU
		{705789CC-4093-4ABA-B736-2C57BAC7DC1E}.Release|iPhoneSimulator.Build.0 = Release|Any CPU
		{705789CC-4093-4ABA-B736-2C57BAC7DC1E}.Release|x64.ActiveCfg = Release|Any CPU
		{705789CC-4093-4ABA-B736-2C57BAC7DC1E}.Release|x64.Build.0 = Release|Any CPU
		{705789CC-4093-4ABA-B736-2C57BAC7DC1E}.Release|x86.ActiveCfg = Release|Any CPU
		{705789CC-4093-4ABA-B736-2C57BAC7DC1E}.Release|x86.Build.0 = Release|Any CPU
		{6CFEE2E4-C096-4452-A742-1993EA848237}.Ad-Hoc|Any CPU.ActiveCfg = Release|Any CPU
		{6CFEE2E4-C096-4452-A742-1993EA848237}.Ad-Hoc|Any CPU.Build.0 = Release|Any CPU
		{6CFEE2E4-C096-4452-A742-1993EA848237}.Ad-Hoc|ARM.ActiveCfg = Release|Any CPU
		{6CFEE2E4-C096-4452-A742-1993EA848237}.Ad-Hoc|ARM.Build.0 = Release|Any CPU
		{6CFEE2E4-C096-4452-A742-1993EA848237}.Ad-Hoc|iPhone.ActiveCfg = Release|Any CPU
		{6CFEE2E4-C096-4452-A742-1993EA848237}.Ad-Hoc|iPhone.Build.0 = Release|Any CPU
		{6CFEE2E4-C096-4452-A742-1993EA848237}.Ad-Hoc|iPhoneSimulator.ActiveCfg = Release|Any CPU
		{6CFEE2E4-C096-4452-A742-1993EA848237}.Ad-Hoc|iPhoneSimulator.Build.0 = Release|Any CPU
		{6CFEE2E4-C096-4452-A742-1993EA848237}.Ad-Hoc|x64.ActiveCfg = Release|Any CPU
		{6CFEE2E4-C096-4452-A742-1993EA848237}.Ad-Hoc|x64.Build.0 = Release|Any CPU
		{6CFEE2E4-C096-4452-A742-1993EA848237}.Ad-Hoc|x86.ActiveCfg = Release|Any CPU
		{6CFEE2E4-C096-4452-A742-1993EA848237}.Ad-Hoc|x86.Build.0 = Release|Any CPU
		{6CFEE2E4-C096-4452-A742-1993EA848237}.AppStore|Any CPU.ActiveCfg = Release|Any CPU
		{6CFEE2E4-C096-4452-A742-1993EA848237}.AppStore|Any CPU.Build.0 = Release|Any CPU
		{6CFEE2E4-C096-4452-A742-1993EA848237}.AppStore|ARM.ActiveCfg = Release|Any CPU
		{6CFEE2E4-C096-4452-A742-1993EA848237}.AppStore|ARM.Build.0 = Release|Any CPU
		{6CFEE2E4-C096-4452-A742-1993EA848237}.AppStore|iPhone.ActiveCfg = Release|Any CPU
		{6CFEE2E4-C096-4452-A742-1993EA848237}.AppStore|iPhone.Build.0 = Release|Any CPU
		{6CFEE2E4-C096-4452-A742-1993EA848237}.AppStore|iPhoneSimulator.ActiveCfg = Release|Any CPU
		{6CFEE2E4-C096-4452-A742-1993EA848237}.AppStore|iPhoneSimulator.Build.0 = Release|Any CPU
		{6CFEE2E4-C096-4452-A742-1993EA848237}.AppStore|x64.ActiveCfg = Release|Any CPU
		{6CFEE2E4-C096-4452-A742-1993EA848237}.AppStore|x64.Build.0 = Release|Any CPU
		{6CFEE2E4-C096-4452-A742-1993EA848237}.AppStore|x86.ActiveCfg = Release|Any CPU
		{6CFEE2E4-C096-4452-A742-1993EA848237}.AppStore|x86.Build.0 = Release|Any CPU
		{6CFEE2E4-C096-4452-A742-1993EA848237}.Debug|Any CPU.ActiveCfg = Debug|Any CPU
		{6CFEE2E4-C096-4452-A742-1993EA848237}.Debug|Any CPU.Build.0 = Debug|Any CPU
		{6CFEE2E4-C096-4452-A742-1993EA848237}.Debug|ARM.ActiveCfg = Debug|Any CPU
		{6CFEE2E4-C096-4452-A742-1993EA848237}.Debug|ARM.Build.0 = Debug|Any CPU
		{6CFEE2E4-C096-4452-A742-1993EA848237}.Debug|iPhone.ActiveCfg = Debug|Any CPU
		{6CFEE2E4-C096-4452-A742-1993EA848237}.Debug|iPhone.Build.0 = Debug|Any CPU
		{6CFEE2E4-C096-4452-A742-1993EA848237}.Debug|iPhoneSimulator.ActiveCfg = Debug|Any CPU
		{6CFEE2E4-C096-4452-A742-1993EA848237}.Debug|iPhoneSimulator.Build.0 = Debug|Any CPU
		{6CFEE2E4-C096-4452-A742-1993EA848237}.Debug|x64.ActiveCfg = Debug|Any CPU
		{6CFEE2E4-C096-4452-A742-1993EA848237}.Debug|x64.Build.0 = Debug|Any CPU
		{6CFEE2E4-C096-4452-A742-1993EA848237}.Debug|x86.ActiveCfg = Debug|Any CPU
		{6CFEE2E4-C096-4452-A742-1993EA848237}.Debug|x86.Build.0 = Debug|Any CPU
		{6CFEE2E4-C096-4452-A742-1993EA848237}.Release|Any CPU.ActiveCfg = Release|Any CPU
		{6CFEE2E4-C096-4452-A742-1993EA848237}.Release|Any CPU.Build.0 = Release|Any CPU
		{6CFEE2E4-C096-4452-A742-1993EA848237}.Release|ARM.ActiveCfg = Release|Any CPU
		{6CFEE2E4-C096-4452-A742-1993EA848237}.Release|ARM.Build.0 = Release|Any CPU
		{6CFEE2E4-C096-4452-A742-1993EA848237}.Release|iPhone.ActiveCfg = Release|Any CPU
		{6CFEE2E4-C096-4452-A742-1993EA848237}.Release|iPhone.Build.0 = Release|Any CPU
		{6CFEE2E4-C096-4452-A742-1993EA848237}.Release|iPhoneSimulator.ActiveCfg = Release|Any CPU
		{6CFEE2E4-C096-4452-A742-1993EA848237}.Release|iPhoneSimulator.Build.0 = Release|Any CPU
		{6CFEE2E4-C096-4452-A742-1993EA848237}.Release|x64.ActiveCfg = Release|Any CPU
		{6CFEE2E4-C096-4452-A742-1993EA848237}.Release|x64.Build.0 = Release|Any CPU
		{6CFEE2E4-C096-4452-A742-1993EA848237}.Release|x86.ActiveCfg = Release|Any CPU
		{6CFEE2E4-C096-4452-A742-1993EA848237}.Release|x86.Build.0 = Release|Any CPU
		{0673E4DC-564B-4CBF-B62B-88F37B34CC16}.Ad-Hoc|Any CPU.ActiveCfg = Release|x64
		{0673E4DC-564B-4CBF-B62B-88F37B34CC16}.Ad-Hoc|Any CPU.Build.0 = Release|x64
		{0673E4DC-564B-4CBF-B62B-88F37B34CC16}.Ad-Hoc|Any CPU.Deploy.0 = Release|x64
		{0673E4DC-564B-4CBF-B62B-88F37B34CC16}.Ad-Hoc|ARM.ActiveCfg = Release|ARM
		{0673E4DC-564B-4CBF-B62B-88F37B34CC16}.Ad-Hoc|ARM.Build.0 = Release|ARM
		{0673E4DC-564B-4CBF-B62B-88F37B34CC16}.Ad-Hoc|ARM.Deploy.0 = Release|ARM
		{0673E4DC-564B-4CBF-B62B-88F37B34CC16}.Ad-Hoc|iPhone.ActiveCfg = Release|x64
		{0673E4DC-564B-4CBF-B62B-88F37B34CC16}.Ad-Hoc|iPhone.Build.0 = Release|x64
		{0673E4DC-564B-4CBF-B62B-88F37B34CC16}.Ad-Hoc|iPhone.Deploy.0 = Release|x64
		{0673E4DC-564B-4CBF-B62B-88F37B34CC16}.Ad-Hoc|iPhoneSimulator.ActiveCfg = Release|x64
		{0673E4DC-564B-4CBF-B62B-88F37B34CC16}.Ad-Hoc|iPhoneSimulator.Build.0 = Release|x64
		{0673E4DC-564B-4CBF-B62B-88F37B34CC16}.Ad-Hoc|iPhoneSimulator.Deploy.0 = Release|x64
		{0673E4DC-564B-4CBF-B62B-88F37B34CC16}.Ad-Hoc|x64.ActiveCfg = Release|x64
		{0673E4DC-564B-4CBF-B62B-88F37B34CC16}.Ad-Hoc|x64.Build.0 = Release|x64
		{0673E4DC-564B-4CBF-B62B-88F37B34CC16}.Ad-Hoc|x64.Deploy.0 = Release|x64
		{0673E4DC-564B-4CBF-B62B-88F37B34CC16}.Ad-Hoc|x86.ActiveCfg = Release|x86
		{0673E4DC-564B-4CBF-B62B-88F37B34CC16}.Ad-Hoc|x86.Build.0 = Release|x86
		{0673E4DC-564B-4CBF-B62B-88F37B34CC16}.Ad-Hoc|x86.Deploy.0 = Release|x86
		{0673E4DC-564B-4CBF-B62B-88F37B34CC16}.AppStore|Any CPU.ActiveCfg = Release|x64
		{0673E4DC-564B-4CBF-B62B-88F37B34CC16}.AppStore|Any CPU.Build.0 = Release|x64
		{0673E4DC-564B-4CBF-B62B-88F37B34CC16}.AppStore|Any CPU.Deploy.0 = Release|x64
		{0673E4DC-564B-4CBF-B62B-88F37B34CC16}.AppStore|ARM.ActiveCfg = Release|ARM
		{0673E4DC-564B-4CBF-B62B-88F37B34CC16}.AppStore|ARM.Build.0 = Release|ARM
		{0673E4DC-564B-4CBF-B62B-88F37B34CC16}.AppStore|ARM.Deploy.0 = Release|ARM
		{0673E4DC-564B-4CBF-B62B-88F37B34CC16}.AppStore|iPhone.ActiveCfg = Release|x64
		{0673E4DC-564B-4CBF-B62B-88F37B34CC16}.AppStore|iPhone.Build.0 = Release|x64
		{0673E4DC-564B-4CBF-B62B-88F37B34CC16}.AppStore|iPhone.Deploy.0 = Release|x64
		{0673E4DC-564B-4CBF-B62B-88F37B34CC16}.AppStore|iPhoneSimulator.ActiveCfg = Release|x64
		{0673E4DC-564B-4CBF-B62B-88F37B34CC16}.AppStore|iPhoneSimulator.Build.0 = Release|x64
		{0673E4DC-564B-4CBF-B62B-88F37B34CC16}.AppStore|iPhoneSimulator.Deploy.0 = Release|x64
		{0673E4DC-564B-4CBF-B62B-88F37B34CC16}.AppStore|x64.ActiveCfg = Release|x64
		{0673E4DC-564B-4CBF-B62B-88F37B34CC16}.AppStore|x64.Build.0 = Release|x64
		{0673E4DC-564B-4CBF-B62B-88F37B34CC16}.AppStore|x64.Deploy.0 = Release|x64
		{0673E4DC-564B-4CBF-B62B-88F37B34CC16}.AppStore|x86.ActiveCfg = Release|x86
		{0673E4DC-564B-4CBF-B62B-88F37B34CC16}.AppStore|x86.Build.0 = Release|x86
		{0673E4DC-564B-4CBF-B62B-88F37B34CC16}.AppStore|x86.Deploy.0 = Release|x86
		{0673E4DC-564B-4CBF-B62B-88F37B34CC16}.Debug|Any CPU.ActiveCfg = Debug|x86
		{0673E4DC-564B-4CBF-B62B-88F37B34CC16}.Debug|Any CPU.Build.0 = Debug|x86
		{0673E4DC-564B-4CBF-B62B-88F37B34CC16}.Debug|Any CPU.Deploy.0 = Debug|x86
		{0673E4DC-564B-4CBF-B62B-88F37B34CC16}.Debug|ARM.ActiveCfg = Debug|ARM
		{0673E4DC-564B-4CBF-B62B-88F37B34CC16}.Debug|ARM.Build.0 = Debug|ARM
		{0673E4DC-564B-4CBF-B62B-88F37B34CC16}.Debug|ARM.Deploy.0 = Debug|ARM
		{0673E4DC-564B-4CBF-B62B-88F37B34CC16}.Debug|iPhone.ActiveCfg = Debug|x86
		{0673E4DC-564B-4CBF-B62B-88F37B34CC16}.Debug|iPhoneSimulator.ActiveCfg = Debug|x86
		{0673E4DC-564B-4CBF-B62B-88F37B34CC16}.Debug|x64.ActiveCfg = Debug|x64
		{0673E4DC-564B-4CBF-B62B-88F37B34CC16}.Debug|x64.Build.0 = Debug|x64
		{0673E4DC-564B-4CBF-B62B-88F37B34CC16}.Debug|x64.Deploy.0 = Debug|x64
		{0673E4DC-564B-4CBF-B62B-88F37B34CC16}.Debug|x86.ActiveCfg = Debug|x86
		{0673E4DC-564B-4CBF-B62B-88F37B34CC16}.Debug|x86.Build.0 = Debug|x86
		{0673E4DC-564B-4CBF-B62B-88F37B34CC16}.Debug|x86.Deploy.0 = Debug|x86
		{0673E4DC-564B-4CBF-B62B-88F37B34CC16}.Release|Any CPU.ActiveCfg = Release|x86
		{0673E4DC-564B-4CBF-B62B-88F37B34CC16}.Release|ARM.ActiveCfg = Release|ARM
		{0673E4DC-564B-4CBF-B62B-88F37B34CC16}.Release|ARM.Build.0 = Release|ARM
		{0673E4DC-564B-4CBF-B62B-88F37B34CC16}.Release|ARM.Deploy.0 = Release|ARM
		{0673E4DC-564B-4CBF-B62B-88F37B34CC16}.Release|iPhone.ActiveCfg = Release|x86
		{0673E4DC-564B-4CBF-B62B-88F37B34CC16}.Release|iPhoneSimulator.ActiveCfg = Release|x86
		{0673E4DC-564B-4CBF-B62B-88F37B34CC16}.Release|x64.ActiveCfg = Release|x64
		{0673E4DC-564B-4CBF-B62B-88F37B34CC16}.Release|x64.Build.0 = Release|x64
		{0673E4DC-564B-4CBF-B62B-88F37B34CC16}.Release|x64.Deploy.0 = Release|x64
		{0673E4DC-564B-4CBF-B62B-88F37B34CC16}.Release|x86.ActiveCfg = Release|x86
		{0673E4DC-564B-4CBF-B62B-88F37B34CC16}.Release|x86.Build.0 = Release|x86
		{0673E4DC-564B-4CBF-B62B-88F37B34CC16}.Release|x86.Deploy.0 = Release|x86
	EndGlobalSection
	GlobalSection(SolutionProperties) = preSolution
		HideSolutionNode = FALSE
	EndGlobalSection
	GlobalSection(NestedProjects) = preSolution
		{705789CC-4093-4ABA-B736-2C57BAC7DC1E} = {BF638522-59B7-4045-A852-D959F60B14C0}
		{6CFEE2E4-C096-4452-A742-1993EA848237} = {C61DEADB-C28D-4342-85FA-F2466EC578DC}
		{0673E4DC-564B-4CBF-B62B-88F37B34CC16} = {267E50C5-3531-4BFD-9038-8CF39A8556E4}
	EndGlobalSection
EndGlobal
